{
  "originHash" : "9594bf173ed86bf81fa63dfc09eed6d83b0bf7a06bef4e056387d171e6698739",
  "pins" : [
    {
      "identity" : "buymeacoffee",
      "kind" : "remoteSourceControl",
      "location" : "https://github.com/dan-hart/buymeacoffee",
      "state" : {
        "branch" : "master",
        "revision" : "850b6346dcdc96fe761a5bf953294d3885ffac7d"
      }
    },
    {
      "identity" : "codeeditor",
      "kind" : "remoteSourceControl",
      "location" : "https://github.com/ZeeZide/CodeEditor",
      "state" : {
        "revision" : "180bde07b44dea839b32873bd8586ba146fa9106",
        "version" : "1.2.2"
      }
    },
    {
      "identity" : "dhcachekit",
      "kind" : "remoteSourceControl",
      "location" : "https://github.com/dan-hart/DHCacheKit",
      "state" : {
        "revision" : "4317aa6d9ae4db33325b51aa2ea2e6f6d09b3b40",
        "version" : "0.0.3"
      }
    },
    {
      "identity" : "filekit",
      "kind" : "remoteSourceControl",
      "location" : "https://github.com/nvzqz/FileKit",
      "state" : {
        "revision" : "9006d2888025fbe893c3c396327b2fe45a8c177b",
        "version" : "6.1.0"
      }
    },
    {
      "identity" : "highlightr",
      "kind" : "remoteSourceControl",
      "location" : "https://github.com/raspu/Highlightr",
      "state" : {
        "revision" : "05e7fcc63b33925cd0c1faaa205cdd5681e7bbef",
        "version" : "2.3.0"
      }
    },
    {
      "identity" : "keychainaccess",
      "kind" : "remoteSourceControl",
      "location" : "https://github.com/kishikawakatsumi/KeychainAccess",
      "state" : {
        "revision" : "84e546727d66f1adc5439debad16270d0fdd04e7",
        "version" : "4.2.2"
      }
    },
    {
      "identity" : "octokit.swift",
      "kind" : "remoteSourceControl",
      "location" : "https://github.com/nerdishbynature/octokit.swift",
      "state" : {
        "revision" : "cd108b387782d8509e64e298cf4800dc47fc40ae",
        "version" : "0.14.0"
      }
    },
    {
      "identity" : "requestkit",
      "kind" : "remoteSourceControl",
      "location" : "https://github.com/nerdishbynature/RequestKit.git",
      "state" : {
        "revision" : "e4d905fed938807e36d87f28375f88b7c1c26840",
        "version" : "3.3.0"
      }
    },
    {
      "identity" : "sfsafesymbols",
      "kind" : "remoteSourceControl",
      "location" : "https://github.com/SFSafeSymbols/SFSafeSymbols",
      "state" : {
        "revision" : "c61de7a6e9eb1520d32316b06d5932accd974e70",
        "version" : "2.1.3"
      }
    }
  ],
  "version" : 3
}
