{
  "pins" : [
    {
      "identity" : "buymeacoffee",
      "kind" : "remoteSourceControl",
      "location" : "https://github.com/dan-hart/buymeacoffee",
      "state" : {
        "branch" : "master",
        "revision" : "850b6346dcdc96fe761a5bf953294d3885ffac7d"
      }
    },
    {
      "identity" : "codeeditor",
      "kind" : "remoteSourceControl",
      "location" : "https://github.com/ZeeZide/CodeEditor",
      "state" : {
        "revision" : "5856fac22b0a2174dbdea212784567c8c9cd1129",
        "version" : "1.2.0"
      }
    },
    {
      "identity" : "dhcachekit",
      "kind" : "remoteSourceControl",
      "location" : "https://github.com/dan-hart/DHCacheKit",
      "state" : {
        "revision" : "4317aa6d9ae4db33325b51aa2ea2e6f6d09b3b40",
        "version" : "0.0.3"
      }
    },
    {
      "identity" : "filekit",
      "kind" : "remoteSourceControl",
      "location" : "https://github.com/nvzqz/FileKit",
      "state" : {
        "revision" : "826d9161b184509f80d85c28cd612d630646de98",
        "version" : "6.0.0"
      }
    },
    {
      "identity" : "highlightr",
      "kind" : "remoteSourceControl",
      "location" : "https://github.com/raspu/Highlightr",
      "state" : {
        "revision" : "93199b9e434f04bda956a613af8f571933f9f037",
        "version" : "2.1.2"
      }
    },
    {
      "identity" : "keychainaccess",
      "kind" : "remoteSourceControl",
      "location" : "https://github.com/kishikawakatsumi/KeychainAccess",
      "state" : {
        "revision" : "84e546727d66f1adc5439debad16270d0fdd04e7",
        "version" : "4.2.2"
      }
    },
    {
      "identity" : "octokit.swift",
      "kind" : "remoteSourceControl",
      "location" : "https://github.com/nerdishbynature/octokit.swift",
      "state" : {
        "revision" : "9521cdff919053868ab13cd08a228f7bc1bde2a9",
        "version" : "0.11.0"
      }
    },
    {
      "identity" : "requestkit",
      "kind" : "remoteSourceControl",
      "location" : "https://github.com/nerdishbynature/RequestKit.git",
      "state" : {
        "revision" : "fd5e9e99aada7432170366c9e95967011ce13bad",
        "version" : "2.4.0"
      }
    },
    {
      "identity" : "sfsafesymbols",
      "kind" : "remoteSourceControl",
      "location" : "https://github.com/SFSafeSymbols/SFSafeSymbols",
      "state" : {
        "revision" : "c61de7a6e9eb1520d32316b06d5932accd974e70",
        "version" : "2.1.3"
      }
    },
    {
      "identity" : "swifterswift",
      "kind" : "remoteSourceControl",
      "location" : "https://github.com/SwifterSwift/SwifterSwift",
      "state" : {
        "revision" : "dc813f3aa92f904a009fe543b99d5649dce7c134",
        "version" : "5.2.0"
      }
    }
  ],
  "version" : 2
}
