// !$*UTF8*$!
{
	archiveVersion = 1;
	classes = {
	};
	objectVersion = 55;
	objects = {

/* Begin PBXBuildFile section */
		522915B227E778300087530C /* GistRow.swift in Sources */ = {isa = PBXBuildFile; fileRef = 522915B127E778300087530C /* GistRow.swift */; };
		522915B327E778300087530C /* GistRow.swift in Sources */ = {isa = PBXBuildFile; fileRef = 522915B127E778300087530C /* GistRow.swift */; };
		522915C027E789E20087530C /* OctoKit in Frameworks */ = {isa = PBXBuildFile; productRef = 522915BF27E789E20087530C /* OctoKit */; };
		5254DDFF27EF8224005BAC56 /* SFSafeSymbols in Frameworks */ = {isa = PBXBuildFile; productRef = 5254DDFE27EF8224005BAC56 /* SFSafeSymbols */; };
		5254DE0127EF8331005BAC56 /* Constants.swift in Sources */ = {isa = PBXBuildFile; fileRef = 5254DE0027EF8331005BAC56 /* Constants.swift */; };
		5254DE0227EF8331005BAC56 /* Constants.swift in Sources */ = {isa = PBXBuildFile; fileRef = 5254DE0027EF8331005BAC56 /* Constants.swift */; };
		5254DE0427EF837A005BAC56 /* SFSafeSymbols in Frameworks */ = {isa = PBXBuildFile; productRef = 5254DE0327EF837A005BAC56 /* SFSafeSymbols */; };
		525D85E227E760A60066B147 /* FragmentApp.swift in Sources */ = {isa = PBXBuildFile; fileRef = 525D85B727E760A40066B147 /* FragmentApp.swift */; };
		525D85E327E760A60066B147 /* FragmentApp.swift in Sources */ = {isa = PBXBuildFile; fileRef = 525D85B727E760A40066B147 /* FragmentApp.swift */; };
		525D860327E7621D0066B147 /* MainView.swift in Sources */ = {isa = PBXBuildFile; fileRef = 525D860227E7621D0066B147 /* MainView.swift */; };
		525D860527E762610066B147 /* SnippetsListView.swift in Sources */ = {isa = PBXBuildFile; fileRef = 525D860427E762610066B147 /* SnippetsListView.swift */; };
		525D860827E762B40066B147 /* OctoKit in Frameworks */ = {isa = PBXBuildFile; productRef = 525D860727E762B40066B147 /* OctoKit */; };
		525D860927E763B50066B147 /* MainView.swift in Sources */ = {isa = PBXBuildFile; fileRef = 525D860227E7621D0066B147 /* MainView.swift */; };
		525D860A27E763B80066B147 /* SnippetsListView.swift in Sources */ = {isa = PBXBuildFile; fileRef = 525D860427E762610066B147 /* SnippetsListView.swift */; };
		526D97C327F0C25B00BD46CE /* KeychainAccess in Frameworks */ = {isa = PBXBuildFile; productRef = 526D97C227F0C25B00BD46CE /* KeychainAccess */; };
		526D97C527F0C26600BD46CE /* KeychainAccess in Frameworks */ = {isa = PBXBuildFile; productRef = 526D97C427F0C26600BD46CE /* KeychainAccess */; };
		526D97C827F0C5BE00BD46CE /* Highlightr in Frameworks */ = {isa = PBXBuildFile; productRef = 526D97C727F0C5BE00BD46CE /* Highlightr */; };
		526D97CA27F0C5C500BD46CE /* Highlightr in Frameworks */ = {isa = PBXBuildFile; productRef = 526D97C927F0C5C500BD46CE /* Highlightr */; };
		526D97D427F0C82D00BD46CE /* Language.swift in Sources */ = {isa = PBXBuildFile; fileRef = 526D97D227F0C82D00BD46CE /* Language.swift */; };
		526D97DE27F0CA8600BD46CE /* Gist+text.swift in Sources */ = {isa = PBXBuildFile; fileRef = 526D97DD27F0CA8600BD46CE /* Gist+text.swift */; };
		526D97DF27F0CA8600BD46CE /* Gist+text.swift in Sources */ = {isa = PBXBuildFile; fileRef = 526D97DD27F0CA8600BD46CE /* Gist+text.swift */; };
		526D97E127F0CBCC00BD46CE /* CodeView.swift in Sources */ = {isa = PBXBuildFile; fileRef = 526D97E027F0CBCC00BD46CE /* CodeView.swift */; };
		526D97E227F0CBCC00BD46CE /* CodeView.swift in Sources */ = {isa = PBXBuildFile; fileRef = 526D97E027F0CBCC00BD46CE /* CodeView.swift */; };
		52769DEE27F0CD4C00F5D4E0 /* Gist+language.swift in Sources */ = {isa = PBXBuildFile; fileRef = 52769DED27F0CD4C00F5D4E0 /* Gist+language.swift */; };
		52769DEF27F0CD4C00F5D4E0 /* Gist+language.swift in Sources */ = {isa = PBXBuildFile; fileRef = 52769DED27F0CD4C00F5D4E0 /* Gist+language.swift */; };
		52769DF027F0D0CB00F5D4E0 /* Language.swift in Sources */ = {isa = PBXBuildFile; fileRef = 526D97D227F0C82D00BD46CE /* Language.swift */; };
		52769DF327F0D18300F5D4E0 /* SnippetHandler.swift in Sources */ = {isa = PBXBuildFile; fileRef = 52769DF227F0D18300F5D4E0 /* SnippetHandler.swift */; };
		52769DF427F0D18300F5D4E0 /* SnippetHandler.swift in Sources */ = {isa = PBXBuildFile; fileRef = 52769DF227F0D18300F5D4E0 /* SnippetHandler.swift */; };
		52769DFC27F0E83300F5D4E0 /* Collections+ifExistsAt.swift in Sources */ = {isa = PBXBuildFile; fileRef = 52769DFB27F0E83300F5D4E0 /* Collections+ifExistsAt.swift */; };
		52769DFD27F0E83300F5D4E0 /* Collections+ifExistsAt.swift in Sources */ = {isa = PBXBuildFile; fileRef = 52769DFB27F0E83300F5D4E0 /* Collections+ifExistsAt.swift */; };
		52769E0027F0EEE400F5D4E0 /* Visibility.swift in Sources */ = {isa = PBXBuildFile; fileRef = 52769DFF27F0EEE400F5D4E0 /* Visibility.swift */; };
		52769E0127F0EEE400F5D4E0 /* Visibility.swift in Sources */ = {isa = PBXBuildFile; fileRef = 52769DFF27F0EEE400F5D4E0 /* Visibility.swift */; };
		52769E0327F0F06900F5D4E0 /* AddGistView.swift in Sources */ = {isa = PBXBuildFile; fileRef = 52769E0227F0F06900F5D4E0 /* AddGistView.swift */; };
		52769E0427F0F06900F5D4E0 /* AddGistView.swift in Sources */ = {isa = PBXBuildFile; fileRef = 52769E0227F0F06900F5D4E0 /* AddGistView.swift */; };
		52769E0627F0FE6A00F5D4E0 /* WebLauncher.swift in Sources */ = {isa = PBXBuildFile; fileRef = 52769E0527F0FE6A00F5D4E0 /* WebLauncher.swift */; };
		52769E0727F0FE6A00F5D4E0 /* WebLauncher.swift in Sources */ = {isa = PBXBuildFile; fileRef = 52769E0527F0FE6A00F5D4E0 /* WebLauncher.swift */; };
		5283B2E027EC0A2F0018F19B /* TokenHandler.swift in Sources */ = {isa = PBXBuildFile; fileRef = 5283B2DF27EC0A2F0018F19B /* TokenHandler.swift */; };
		5283B2E127EC0A2F0018F19B /* TokenHandler.swift in Sources */ = {isa = PBXBuildFile; fileRef = 5283B2DF27EC0A2F0018F19B /* TokenHandler.swift */; };
		5283B2E327EC0C240018F19B /* AuthenticationView.swift in Sources */ = {isa = PBXBuildFile; fileRef = 5283B2E227EC0C240018F19B /* AuthenticationView.swift */; };
		5283B2E427EC0C240018F19B /* AuthenticationView.swift in Sources */ = {isa = PBXBuildFile; fileRef = 5283B2E227EC0C240018F19B /* AuthenticationView.swift */; };
		52BABB2927E7DCF300999F01 /* Fragment_iOS_Tests.swift in Sources */ = {isa = PBXBuildFile; fileRef = 52BABB2827E7DCF300999F01 /* Fragment_iOS_Tests.swift */; };
		52BABB3627E7DD5500999F01 /* Fragment_macOS_Tests.swift in Sources */ = {isa = PBXBuildFile; fileRef = 52BABB3527E7DD5500999F01 /* Fragment_macOS_Tests.swift */; };
		52BABB3E27E7DDB200999F01 /* TestApp.swift in Sources */ = {isa = PBXBuildFile; fileRef = 52BABB3D27E7DDB200999F01 /* TestApp.swift */; };
		52BABB3F27E7DDB200999F01 /* TestApp.swift in Sources */ = {isa = PBXBuildFile; fileRef = 52BABB3D27E7DDB200999F01 /* TestApp.swift */; };
		52C9ECDA27EC1DC900021911 /* Assets.xcassets in Resources */ = {isa = PBXBuildFile; fileRef = 525D85BA27E760A60066B147 /* Assets.xcassets */; };
		5A2387FF27FB3B1900480C20 /* AuthenticationError.swift in Sources */ = {isa = PBXBuildFile; fileRef = 5A2387FE27FB3B1900480C20 /* AuthenticationError.swift */; };
		5A23880027FB3B1900480C20 /* AuthenticationError.swift in Sources */ = {isa = PBXBuildFile; fileRef = 5A2387FE27FB3B1900480C20 /* AuthenticationError.swift */; };
		5A23880327FB3F2900480C20 /* CacheHandler.swift in Sources */ = {isa = PBXBuildFile; fileRef = 5A23880227FB3F2900480C20 /* CacheHandler.swift */; };
		5A23880427FB3F2900480C20 /* CacheHandler.swift in Sources */ = {isa = PBXBuildFile; fileRef = 5A23880227FB3F2900480C20 /* CacheHandler.swift */; };
		5A23880727FB47E300480C20 /* SwifterSwift in Frameworks */ = {isa = PBXBuildFile; productRef = 5A23880627FB47E300480C20 /* SwifterSwift */; };
		5A23880927FB47F200480C20 /* SwifterSwift in Frameworks */ = {isa = PBXBuildFile; productRef = 5A23880827FB47F200480C20 /* SwifterSwift */; };
		5A23880F27FB4C4E00480C20 /* SettingsView.swift in Sources */ = {isa = PBXBuildFile; fileRef = 5A23880E27FB4C4E00480C20 /* SettingsView.swift */; };
		5A23881027FB4C4E00480C20 /* SettingsView.swift in Sources */ = {isa = PBXBuildFile; fileRef = 5A23880E27FB4C4E00480C20 /* SettingsView.swift */; };
		5A4C7E5627F3B600006B3A4A /* CodeEditor in Frameworks */ = {isa = PBXBuildFile; productRef = 5A4C7E5527F3B600006B3A4A /* CodeEditor */; };
		5A4C7E5827F3BE78006B3A4A /* CodeEditor in Frameworks */ = {isa = PBXBuildFile; productRef = 5A4C7E5727F3BE78006B3A4A /* CodeEditor */; };
		5AD4DFF327F3AC7A003C2C61 /* DHCacheKit in Frameworks */ = {isa = PBXBuildFile; productRef = 5AD4DFF227F3AC7A003C2C61 /* DHCacheKit */; };
		5AD4DFF527F3AC87003C2C61 /* DHCacheKit in Frameworks */ = {isa = PBXBuildFile; productRef = 5AD4DFF427F3AC87003C2C61 /* DHCacheKit */; };
		5ADC94A627F8E00200EFE347 /* Gist+Custom.swift in Sources */ = {isa = PBXBuildFile; fileRef = 5ADC94A527F8E00200EFE347 /* Gist+Custom.swift */; };
		5ADC94A727F8E00200EFE347 /* Gist+Custom.swift in Sources */ = {isa = PBXBuildFile; fileRef = 5ADC94A527F8E00200EFE347 /* Gist+Custom.swift */; };
		5ADC94A927F8EB0600EFE347 /* ClipboardHelper.swift in Sources */ = {isa = PBXBuildFile; fileRef = 5ADC94A827F8EB0600EFE347 /* ClipboardHelper.swift */; };
		5ADC94AA27F8EB0600EFE347 /* ClipboardHelper.swift in Sources */ = {isa = PBXBuildFile; fileRef = 5ADC94A827F8EB0600EFE347 /* ClipboardHelper.swift */; };
		5AFEF54527F80C91003FA4EE /* Assets.xcassets in Resources */ = {isa = PBXBuildFile; fileRef = 525D85BA27E760A60066B147 /* Assets.xcassets */; };
/* End PBXBuildFile section */

/* Begin PBXContainerItemProxy section */
		52BABB2A27E7DCF300999F01 /* PBXContainerItemProxy */ = {
			isa = PBXContainerItemProxy;
			containerPortal = 525D85B027E760A40066B147 /* Project object */;
			proxyType = 1;
			remoteGlobalIDString = 525D85BE27E760A60066B147;
			remoteInfo = "Fragment (iOS)";
		};
		52BABB3727E7DD5500999F01 /* PBXContainerItemProxy */ = {
			isa = PBXContainerItemProxy;
			containerPortal = 525D85B027E760A40066B147 /* Project object */;
			proxyType = 1;
			remoteGlobalIDString = 525D85C427E760A60066B147;
			remoteInfo = "Fragment (macOS)";
		};
/* End PBXContainerItemProxy section */

/* Begin PBXFileReference section */
		522915B127E778300087530C /* GistRow.swift */ = {isa = PBXFileReference; lastKnownFileType = sourcecode.swift; path = GistRow.swift; sourceTree = "<group>"; };
		5254DE0027EF8331005BAC56 /* Constants.swift */ = {isa = PBXFileReference; lastKnownFileType = sourcecode.swift; path = Constants.swift; sourceTree = "<group>"; };
		525D85B727E760A40066B147 /* FragmentApp.swift */ = {isa = PBXFileReference; lastKnownFileType = sourcecode.swift; path = FragmentApp.swift; sourceTree = "<group>"; };
		525D85BA27E760A60066B147 /* Assets.xcassets */ = {isa = PBXFileReference; lastKnownFileType = folder.assetcatalog; path = Assets.xcassets; sourceTree = "<group>"; };
		525D85BF27E760A60066B147 /* Fragment.app */ = {isa = PBXFileReference; explicitFileType = wrapper.application; includeInIndex = 0; path = Fragment.app; sourceTree = BUILT_PRODUCTS_DIR; };
		525D85C527E760A60066B147 /* Fragment.app */ = {isa = PBXFileReference; explicitFileType = wrapper.application; includeInIndex = 0; path = Fragment.app; sourceTree = BUILT_PRODUCTS_DIR; };
		525D85C727E760A60066B147 /* macOS.entitlements */ = {isa = PBXFileReference; lastKnownFileType = text.plist.entitlements; path = macOS.entitlements; sourceTree = "<group>"; };
		525D860227E7621D0066B147 /* MainView.swift */ = {isa = PBXFileReference; lastKnownFileType = sourcecode.swift; path = MainView.swift; sourceTree = "<group>"; };
		525D860427E762610066B147 /* SnippetsListView.swift */ = {isa = PBXFileReference; lastKnownFileType = sourcecode.swift; path = SnippetsListView.swift; sourceTree = "<group>"; };
		526D97D227F0C82D00BD46CE /* Language.swift */ = {isa = PBXFileReference; fileEncoding = 4; lastKnownFileType = sourcecode.swift; path = Language.swift; sourceTree = "<group>"; };
		526D97DD27F0CA8600BD46CE /* Gist+text.swift */ = {isa = PBXFileReference; lastKnownFileType = sourcecode.swift; path = "Gist+text.swift"; sourceTree = "<group>"; };
		526D97E027F0CBCC00BD46CE /* CodeView.swift */ = {isa = PBXFileReference; lastKnownFileType = sourcecode.swift; path = CodeView.swift; sourceTree = "<group>"; };
		52769DED27F0CD4C00F5D4E0 /* Gist+language.swift */ = {isa = PBXFileReference; lastKnownFileType = sourcecode.swift; path = "Gist+language.swift"; sourceTree = "<group>"; };
		52769DF227F0D18300F5D4E0 /* SnippetHandler.swift */ = {isa = PBXFileReference; lastKnownFileType = sourcecode.swift; path = SnippetHandler.swift; sourceTree = "<group>"; };
		52769DFB27F0E83300F5D4E0 /* Collections+ifExistsAt.swift */ = {isa = PBXFileReference; lastKnownFileType = sourcecode.swift; path = "Collections+ifExistsAt.swift"; sourceTree = "<group>"; };
		52769DFF27F0EEE400F5D4E0 /* Visibility.swift */ = {isa = PBXFileReference; lastKnownFileType = sourcecode.swift; path = Visibility.swift; sourceTree = "<group>"; };
		52769E0227F0F06900F5D4E0 /* AddGistView.swift */ = {isa = PBXFileReference; lastKnownFileType = sourcecode.swift; path = AddGistView.swift; sourceTree = "<group>"; };
		52769E0527F0FE6A00F5D4E0 /* WebLauncher.swift */ = {isa = PBXFileReference; lastKnownFileType = sourcecode.swift; path = WebLauncher.swift; sourceTree = "<group>"; };
		5283B2DF27EC0A2F0018F19B /* TokenHandler.swift */ = {isa = PBXFileReference; lastKnownFileType = sourcecode.swift; path = TokenHandler.swift; sourceTree = "<group>"; };
		5283B2E227EC0C240018F19B /* AuthenticationView.swift */ = {isa = PBXFileReference; lastKnownFileType = sourcecode.swift; path = AuthenticationView.swift; sourceTree = "<group>"; };
		52BABB1C27E7D79E00999F01 /* .swiftformat.yml */ = {isa = PBXFileReference; lastKnownFileType = text.yaml; path = .swiftformat.yml; sourceTree = "<group>"; };
		52BABB1D27E7D79E00999F01 /* .swiftlint.yml */ = {isa = PBXFileReference; lastKnownFileType = text.yaml; path = .swiftlint.yml; sourceTree = "<group>"; };
		52BABB2627E7DCF300999F01 /* Fragment-iOS-Tests.xctest */ = {isa = PBXFileReference; explicitFileType = wrapper.cfbundle; includeInIndex = 0; path = "Fragment-iOS-Tests.xctest"; sourceTree = BUILT_PRODUCTS_DIR; };
		52BABB2827E7DCF300999F01 /* Fragment_iOS_Tests.swift */ = {isa = PBXFileReference; lastKnownFileType = sourcecode.swift; path = Fragment_iOS_Tests.swift; sourceTree = "<group>"; };
		52BABB3327E7DD5500999F01 /* Fragment-macOS-Tests.xctest */ = {isa = PBXFileReference; explicitFileType = wrapper.cfbundle; includeInIndex = 0; path = "Fragment-macOS-Tests.xctest"; sourceTree = BUILT_PRODUCTS_DIR; };
		52BABB3527E7DD5500999F01 /* Fragment_macOS_Tests.swift */ = {isa = PBXFileReference; lastKnownFileType = sourcecode.swift; path = Fragment_macOS_Tests.swift; sourceTree = "<group>"; };
		52BABB3D27E7DDB200999F01 /* TestApp.swift */ = {isa = PBXFileReference; lastKnownFileType = sourcecode.swift; path = TestApp.swift; sourceTree = "<group>"; };
		52C9ECD727EC1D5100021911 /* Fragment--iOS--Info.plist */ = {isa = PBXFileReference; lastKnownFileType = text.plist.xml; path = "Fragment--iOS--Info.plist"; sourceTree = "<group>"; };
		52C9ECD827EC1D5B00021911 /* Fragment--macOS--Info.plist */ = {isa = PBXFileReference; lastKnownFileType = text.plist.xml; path = "Fragment--macOS--Info.plist"; sourceTree = "<group>"; };
		5A2387FE27FB3B1900480C20 /* AuthenticationError.swift */ = {isa = PBXFileReference; lastKnownFileType = sourcecode.swift; path = AuthenticationError.swift; sourceTree = "<group>"; };
		5A23880227FB3F2900480C20 /* CacheHandler.swift */ = {isa = PBXFileReference; lastKnownFileType = sourcecode.swift; path = CacheHandler.swift; sourceTree = "<group>"; };
		5A23880E27FB4C4E00480C20 /* SettingsView.swift */ = {isa = PBXFileReference; lastKnownFileType = sourcecode.swift; path = SettingsView.swift; sourceTree = "<group>"; };
		5ADC94A527F8E00200EFE347 /* Gist+Custom.swift */ = {isa = PBXFileReference; lastKnownFileType = sourcecode.swift; path = "Gist+Custom.swift"; sourceTree = "<group>"; };
		5ADC94A827F8EB0600EFE347 /* ClipboardHelper.swift */ = {isa = PBXFileReference; lastKnownFileType = sourcecode.swift; path = ClipboardHelper.swift; sourceTree = "<group>"; };
/* End PBXFileReference section */

/* Begin PBXFrameworksBuildPhase section */
		525D85BC27E760A60066B147 /* Frameworks */ = {
			isa = PBXFrameworksBuildPhase;
			buildActionMask = 2147483647;
			files = (
				5A23880727FB47E300480C20 /* SwifterSwift in Frameworks */,
				526D97C827F0C5BE00BD46CE /* Highlightr in Frameworks */,
				525D860827E762B40066B147 /* OctoKit in Frameworks */,
				5254DDFF27EF8224005BAC56 /* SFSafeSymbols in Frameworks */,
				526D97C327F0C25B00BD46CE /* KeychainAccess in Frameworks */,
				5A4C7E5827F3BE78006B3A4A /* CodeEditor in Frameworks */,
				5AD4DFF327F3AC7A003C2C61 /* DHCacheKit in Frameworks */,
			);
			runOnlyForDeploymentPostprocessing = 0;
		};
		525D85C227E760A60066B147 /* Frameworks */ = {
			isa = PBXFrameworksBuildPhase;
			buildActionMask = 2147483647;
			files = (
				5A23880927FB47F200480C20 /* SwifterSwift in Frameworks */,
				526D97CA27F0C5C500BD46CE /* Highlightr in Frameworks */,
				522915C027E789E20087530C /* OctoKit in Frameworks */,
				5254DE0427EF837A005BAC56 /* SFSafeSymbols in Frameworks */,
				526D97C527F0C26600BD46CE /* KeychainAccess in Frameworks */,
				5A4C7E5627F3B600006B3A4A /* CodeEditor in Frameworks */,
				5AD4DFF527F3AC87003C2C61 /* DHCacheKit in Frameworks */,
			);
			runOnlyForDeploymentPostprocessing = 0;
		};
		52BABB2327E7DCF300999F01 /* Frameworks */ = {
			isa = PBXFrameworksBuildPhase;
			buildActionMask = 2147483647;
			files = (
			);
			runOnlyForDeploymentPostprocessing = 0;
		};
		52BABB3027E7DD5500999F01 /* Frameworks */ = {
			isa = PBXFrameworksBuildPhase;
			buildActionMask = 2147483647;
			files = (
			);
			runOnlyForDeploymentPostprocessing = 0;
		};
/* End PBXFrameworksBuildPhase section */

/* Begin PBXGroup section */
		522915B027E7781E0087530C /* GistViews */ = {
			isa = PBXGroup;
			children = (
				522915B127E778300087530C /* GistRow.swift */,
			);
			path = GistViews;
			sourceTree = "<group>";
		};
		522915B427E77D290087530C /* Extensions */ = {
			isa = PBXGroup;
			children = (
				526D97DB27F0CA6300BD46CE /* OctoKitExtensions */,
				52769DFB27F0E83300F5D4E0 /* Collections+ifExistsAt.swift */,
			);
			path = Extensions;
			sourceTree = "<group>";
		};
		522915B827E7855E0087530C /* CodeViews */ = {
			isa = PBXGroup;
			children = (
				526D97E027F0CBCC00BD46CE /* CodeView.swift */,
			);
			path = CodeViews;
			sourceTree = "<group>";
		};
		525D85AF27E760A40066B147 = {
			isa = PBXGroup;
			children = (
				52C9ECD827EC1D5B00021911 /* Fragment--macOS--Info.plist */,
				52C9ECD727EC1D5100021911 /* Fragment--iOS--Info.plist */,
				52BABB1C27E7D79E00999F01 /* .swiftformat.yml */,
				52BABB1D27E7D79E00999F01 /* .swiftlint.yml */,
				525D85B427E760A40066B147 /* Shared */,
				525D85C627E760A60066B147 /* macOS */,
				52BABB3C27E7DD8B00999F01 /* FragmentSharedTests */,
				52BABB2727E7DCF300999F01 /* Fragment-iOS-Tests */,
				52BABB3427E7DD5500999F01 /* Fragment-macOS-Tests */,
				525D85C027E760A60066B147 /* Products */,
				525D85FE27E761CB0066B147 /* Frameworks */,
			);
			sourceTree = "<group>";
		};
		525D85B427E760A40066B147 /* Shared */ = {
			isa = PBXGroup;
			children = (
				5A23880127FB3ED000480C20 /* Handlers */,
				525D85BA27E760A60066B147 /* Assets.xcassets */,
				525D85B727E760A40066B147 /* FragmentApp.swift */,
				5283B2DE27EC0A1B0018F19B /* Models */,
				522915B427E77D290087530C /* Extensions */,
				525D860127E762140066B147 /* Views */,
				5254DE0027EF8331005BAC56 /* Constants.swift */,
				52769E0527F0FE6A00F5D4E0 /* WebLauncher.swift */,
				5ADC94A827F8EB0600EFE347 /* ClipboardHelper.swift */,
			);
			path = Shared;
			sourceTree = "<group>";
		};
		525D85C027E760A60066B147 /* Products */ = {
			isa = PBXGroup;
			children = (
				525D85BF27E760A60066B147 /* Fragment.app */,
				525D85C527E760A60066B147 /* Fragment.app */,
				52BABB2627E7DCF300999F01 /* Fragment-iOS-Tests.xctest */,
				52BABB3327E7DD5500999F01 /* Fragment-macOS-Tests.xctest */,
			);
			name = Products;
			sourceTree = "<group>";
		};
		525D85C627E760A60066B147 /* macOS */ = {
			isa = PBXGroup;
			children = (
				525D85C727E760A60066B147 /* macOS.entitlements */,
			);
			path = macOS;
			sourceTree = "<group>";
		};
		525D85FE27E761CB0066B147 /* Frameworks */ = {
			isa = PBXGroup;
			children = (
			);
			name = Frameworks;
			sourceTree = "<group>";
		};
		525D860127E762140066B147 /* Views */ = {
			isa = PBXGroup;
			children = (
				52769DFE27F0EED100F5D4E0 /* Add */,
				525D860227E7621D0066B147 /* MainView.swift */,
				5283B2E227EC0C240018F19B /* AuthenticationView.swift */,
				525D860427E762610066B147 /* SnippetsListView.swift */,
				522915B827E7855E0087530C /* CodeViews */,
				522915B027E7781E0087530C /* GistViews */,
				5A23880E27FB4C4E00480C20 /* SettingsView.swift */,
			);
			path = Views;
			sourceTree = "<group>";
		};
		526D97DB27F0CA6300BD46CE /* OctoKitExtensions */ = {
			isa = PBXGroup;
			children = (
				526D97DC27F0CA6F00BD46CE /* GistExtensions */,
			);
			path = OctoKitExtensions;
			sourceTree = "<group>";
		};
		526D97DC27F0CA6F00BD46CE /* GistExtensions */ = {
			isa = PBXGroup;
			children = (
				526D97DD27F0CA8600BD46CE /* Gist+text.swift */,
				52769DED27F0CD4C00F5D4E0 /* Gist+language.swift */,
				5ADC94A527F8E00200EFE347 /* Gist+Custom.swift */,
			);
			path = GistExtensions;
			sourceTree = "<group>";
		};
		52769DFE27F0EED100F5D4E0 /* Add */ = {
			isa = PBXGroup;
			children = (
				52769E0227F0F06900F5D4E0 /* AddGistView.swift */,
			);
			path = Add;
			sourceTree = "<group>";
		};
		5283B2DE27EC0A1B0018F19B /* Models */ = {
			isa = PBXGroup;
			children = (
				5A2387FD27FB3B0200480C20 /* Errors */,
				526D97D227F0C82D00BD46CE /* Language.swift */,
				52769DFF27F0EEE400F5D4E0 /* Visibility.swift */,
			);
			path = Models;
			sourceTree = "<group>";
		};
		52BABB2727E7DCF300999F01 /* Fragment-iOS-Tests */ = {
			isa = PBXGroup;
			children = (
				52BABB2827E7DCF300999F01 /* Fragment_iOS_Tests.swift */,
			);
			path = "Fragment-iOS-Tests";
			sourceTree = "<group>";
		};
		52BABB3427E7DD5500999F01 /* Fragment-macOS-Tests */ = {
			isa = PBXGroup;
			children = (
				52BABB3527E7DD5500999F01 /* Fragment_macOS_Tests.swift */,
			);
			path = "Fragment-macOS-Tests";
			sourceTree = "<group>";
		};
		52BABB3C27E7DD8B00999F01 /* FragmentSharedTests */ = {
			isa = PBXGroup;
			children = (
				52BABB3D27E7DDB200999F01 /* TestApp.swift */,
			);
			path = FragmentSharedTests;
			sourceTree = "<group>";
		};
		5A2387FD27FB3B0200480C20 /* Errors */ = {
			isa = PBXGroup;
			children = (
				5A2387FE27FB3B1900480C20 /* AuthenticationError.swift */,
			);
			path = Errors;
			sourceTree = "<group>";
		};
		5A23880127FB3ED000480C20 /* Handlers */ = {
			isa = PBXGroup;
			children = (
				5283B2DF27EC0A2F0018F19B /* TokenHandler.swift */,
				52769DF227F0D18300F5D4E0 /* SnippetHandler.swift */,
				5A23880227FB3F2900480C20 /* CacheHandler.swift */,
			);
			path = Handlers;
			sourceTree = "<group>";
		};
/* End PBXGroup section */

/* Begin PBXNativeTarget section */
		525D85BE27E760A60066B147 /* Fragment (iOS) */ = {
			isa = PBXNativeTarget;
			buildConfigurationList = 525D85EC27E760A60066B147 /* Build configuration list for PBXNativeTarget "Fragment (iOS)" */;
			buildPhases = (
				525D85BB27E760A60066B147 /* Sources */,
				525D85BC27E760A60066B147 /* Frameworks */,
				525D85BD27E760A60066B147 /* Resources */,
				52BABB1E27E7D83000999F01 /* SwiftFormat */,
				52BABB2027E7D84F00999F01 /* SwiftLint */,
			);
			buildRules = (
			);
			dependencies = (
			);
			name = "Fragment (iOS)";
			packageProductDependencies = (
				525D860727E762B40066B147 /* OctoKit */,
				5254DDFE27EF8224005BAC56 /* SFSafeSymbols */,
				526D97C227F0C25B00BD46CE /* KeychainAccess */,
				526D97C727F0C5BE00BD46CE /* Highlightr */,
				5AD4DFF227F3AC7A003C2C61 /* DHCacheKit */,
				5A4C7E5727F3BE78006B3A4A /* CodeEditor */,
				5A23880627FB47E300480C20 /* SwifterSwift */,
			);
			productName = "Fragment (iOS)";
			productReference = 525D85BF27E760A60066B147 /* Fragment.app */;
			productType = "com.apple.product-type.application";
		};
		525D85C427E760A60066B147 /* Fragment (macOS) */ = {
			isa = PBXNativeTarget;
			buildConfigurationList = 525D85EF27E760A60066B147 /* Build configuration list for PBXNativeTarget "Fragment (macOS)" */;
			buildPhases = (
				525D85C127E760A60066B147 /* Sources */,
				525D85C227E760A60066B147 /* Frameworks */,
				525D85C327E760A60066B147 /* Resources */,
				52BABB1F27E7D84000999F01 /* SwiftFormat */,
				52BABB2127E7D87A00999F01 /* SwiftLint */,
			);
			buildRules = (
			);
			dependencies = (
			);
			name = "Fragment (macOS)";
			packageProductDependencies = (
				522915BF27E789E20087530C /* OctoKit */,
				5254DE0327EF837A005BAC56 /* SFSafeSymbols */,
				526D97C427F0C26600BD46CE /* KeychainAccess */,
				526D97C927F0C5C500BD46CE /* Highlightr */,
				5AD4DFF427F3AC87003C2C61 /* DHCacheKit */,
				5A4C7E5527F3B600006B3A4A /* CodeEditor */,
				5A23880827FB47F200480C20 /* SwifterSwift */,
			);
			productName = "Fragment (macOS)";
			productReference = 525D85C527E760A60066B147 /* Fragment.app */;
			productType = "com.apple.product-type.application";
		};
		52BABB2527E7DCF300999F01 /* Fragment-iOS-Tests */ = {
			isa = PBXNativeTarget;
			buildConfigurationList = 52BABB2C27E7DCF300999F01 /* Build configuration list for PBXNativeTarget "Fragment-iOS-Tests" */;
			buildPhases = (
				52BABB2227E7DCF300999F01 /* Sources */,
				52BABB2327E7DCF300999F01 /* Frameworks */,
				52BABB2427E7DCF300999F01 /* Resources */,
			);
			buildRules = (
			);
			dependencies = (
				52BABB2B27E7DCF300999F01 /* PBXTargetDependency */,
			);
			name = "Fragment-iOS-Tests";
			productName = "Fragment-iOS-Tests";
			productReference = 52BABB2627E7DCF300999F01 /* Fragment-iOS-Tests.xctest */;
			productType = "com.apple.product-type.bundle.unit-test";
		};
		52BABB3227E7DD5500999F01 /* Fragment-macOS-Tests */ = {
			isa = PBXNativeTarget;
			buildConfigurationList = 52BABB3927E7DD5500999F01 /* Build configuration list for PBXNativeTarget "Fragment-macOS-Tests" */;
			buildPhases = (
				52BABB2F27E7DD5500999F01 /* Sources */,
				52BABB3027E7DD5500999F01 /* Frameworks */,
				52BABB3127E7DD5500999F01 /* Resources */,
			);
			buildRules = (
			);
			dependencies = (
				52BABB3827E7DD5500999F01 /* PBXTargetDependency */,
			);
			name = "Fragment-macOS-Tests";
			productName = "Fragment-macOS-Tests";
			productReference = 52BABB3327E7DD5500999F01 /* Fragment-macOS-Tests.xctest */;
			productType = "com.apple.product-type.bundle.unit-test";
		};
/* End PBXNativeTarget section */

/* Begin PBXProject section */
		525D85B027E760A40066B147 /* Project object */ = {
			isa = PBXProject;
			attributes = {
				BuildIndependentTargetsInParallel = 1;
				LastSwiftUpdateCheck = 1330;
				LastUpgradeCheck = 1330;
				TargetAttributes = {
					525D85BE27E760A60066B147 = {
						CreatedOnToolsVersion = 13.3;
					};
					525D85C427E760A60066B147 = {
						CreatedOnToolsVersion = 13.3;
					};
					52BABB2527E7DCF300999F01 = {
						CreatedOnToolsVersion = 13.3;
						TestTargetID = 525D85BE27E760A60066B147;
					};
					52BABB3227E7DD5500999F01 = {
						CreatedOnToolsVersion = 13.3;
						TestTargetID = 525D85C427E760A60066B147;
					};
				};
			};
			buildConfigurationList = 525D85B327E760A40066B147 /* Build configuration list for PBXProject "Fragment" */;
			compatibilityVersion = "Xcode 13.0";
			developmentRegion = en;
			hasScannedForEncodings = 0;
			knownRegions = (
				en,
				Base,
			);
			mainGroup = 525D85AF27E760A40066B147;
			packageReferences = (
				525D860627E762B40066B147 /* XCRemoteSwiftPackageReference "octokit" */,
				5254DDFD27EF8224005BAC56 /* XCRemoteSwiftPackageReference "SFSafeSymbols" */,
				526D97C127F0C25B00BD46CE /* XCRemoteSwiftPackageReference "KeychainAccess" */,
				526D97C627F0C5BE00BD46CE /* XCRemoteSwiftPackageReference "Highlightr" */,
				5AD4DFF127F3AC7A003C2C61 /* XCRemoteSwiftPackageReference "DHCacheKit" */,
				5A4C7E5427F3B600006B3A4A /* XCRemoteSwiftPackageReference "CodeEditor" */,
				5A23880527FB47E300480C20 /* XCRemoteSwiftPackageReference "SwifterSwift" */,
			);
			productRefGroup = 525D85C027E760A60066B147 /* Products */;
			projectDirPath = "";
			projectRoot = "";
			targets = (
				525D85BE27E760A60066B147 /* Fragment (iOS) */,
				525D85C427E760A60066B147 /* Fragment (macOS) */,
				52BABB2527E7DCF300999F01 /* Fragment-iOS-Tests */,
				52BABB3227E7DD5500999F01 /* Fragment-macOS-Tests */,
			);
		};
/* End PBXProject section */

/* Begin PBXResourcesBuildPhase section */
		525D85BD27E760A60066B147 /* Resources */ = {
			isa = PBXResourcesBuildPhase;
			buildActionMask = 2147483647;
			files = (
				5AFEF54527F80C91003FA4EE /* Assets.xcassets in Resources */,
			);
			runOnlyForDeploymentPostprocessing = 0;
		};
		525D85C327E760A60066B147 /* Resources */ = {
			isa = PBXResourcesBuildPhase;
			buildActionMask = 2147483647;
			files = (
				52C9ECDA27EC1DC900021911 /* Assets.xcassets in Resources */,
			);
			runOnlyForDeploymentPostprocessing = 0;
		};
		52BABB2427E7DCF300999F01 /* Resources */ = {
			isa = PBXResourcesBuildPhase;
			buildActionMask = 2147483647;
			files = (
			);
			runOnlyForDeploymentPostprocessing = 0;
		};
		52BABB3127E7DD5500999F01 /* Resources */ = {
			isa = PBXResourcesBuildPhase;
			buildActionMask = 2147483647;
			files = (
			);
			runOnlyForDeploymentPostprocessing = 0;
		};
/* End PBXResourcesBuildPhase section */

/* Begin PBXShellScriptBuildPhase section */
		52BABB1E27E7D83000999F01 /* SwiftFormat */ = {
			isa = PBXShellScriptBuildPhase;
			buildActionMask = 2147483647;
			files = (
			);
			inputFileListPaths = (
			);
			inputPaths = (
			);
			name = SwiftFormat;
			outputFileListPaths = (
			);
			outputPaths = (
			);
			runOnlyForDeploymentPostprocessing = 0;
			shellPath = /bin/sh;
			shellScript = "# Adds support for Apple Silicon brew directory\nexport PATH=\"$PATH:/opt/homebrew/bin\"\n\nif which swiftformat >/dev/null; then\n  swiftformat .\nelse\n  echo \"warning: SwiftFormat not installed, download from https://github.com/nicklockwood/SwiftFormat\"\nfi\n";
		};
		52BABB1F27E7D84000999F01 /* SwiftFormat */ = {
			isa = PBXShellScriptBuildPhase;
			buildActionMask = 2147483647;
			files = (
			);
			inputFileListPaths = (
			);
			inputPaths = (
			);
			name = SwiftFormat;
			outputFileListPaths = (
			);
			outputPaths = (
			);
			runOnlyForDeploymentPostprocessing = 0;
			shellPath = /bin/sh;
			shellScript = "# Adds support for Apple Silicon brew directory\nexport PATH=\"$PATH:/opt/homebrew/bin\"\n\nif which swiftformat >/dev/null; then\n  swiftformat .\nelse\n  echo \"warning: SwiftFormat not installed, download from https://github.com/nicklockwood/SwiftFormat\"\nfi\n";
		};
		52BABB2027E7D84F00999F01 /* SwiftLint */ = {
			isa = PBXShellScriptBuildPhase;
			buildActionMask = 2147483647;
			files = (
			);
			inputFileListPaths = (
			);
			inputPaths = (
			);
			name = SwiftLint;
			outputFileListPaths = (
			);
			outputPaths = (
			);
			runOnlyForDeploymentPostprocessing = 0;
			shellPath = /bin/sh;
			shellScript = "export PATH=\"$PATH:/opt/homebrew/bin\"\nif which swiftlint > /dev/null; then\n  swiftlint\nelse\n  echo \"warning: SwiftLint not installed, download from https://github.com/realm/SwiftLint\"\nfi\n";
		};
		52BABB2127E7D87A00999F01 /* SwiftLint */ = {
			isa = PBXShellScriptBuildPhase;
			buildActionMask = 2147483647;
			files = (
			);
			inputFileListPaths = (
			);
			inputPaths = (
			);
			name = SwiftLint;
			outputFileListPaths = (
			);
			outputPaths = (
			);
			runOnlyForDeploymentPostprocessing = 0;
			shellPath = /bin/sh;
			shellScript = "export PATH=\"$PATH:/opt/homebrew/bin\"\nif which swiftlint > /dev/null; then\n  swiftlint\nelse\n  echo \"warning: SwiftLint not installed, download from https://github.com/realm/SwiftLint\"\nfi\n";
		};
/* End PBXShellScriptBuildPhase section */

/* Begin PBXSourcesBuildPhase section */
		525D85BB27E760A60066B147 /* Sources */ = {
			isa = PBXSourcesBuildPhase;
			buildActionMask = 2147483647;
			files = (
				5A23880F27FB4C4E00480C20 /* SettingsView.swift in Sources */,
				526D97E127F0CBCC00BD46CE /* CodeView.swift in Sources */,
				525D860527E762610066B147 /* SnippetsListView.swift in Sources */,
				526D97DE27F0CA8600BD46CE /* Gist+text.swift in Sources */,
				525D85E227E760A60066B147 /* FragmentApp.swift in Sources */,
				52769DFC27F0E83300F5D4E0 /* Collections+ifExistsAt.swift in Sources */,
				5283B2E327EC0C240018F19B /* AuthenticationView.swift in Sources */,
				525D860327E7621D0066B147 /* MainView.swift in Sources */,
				5ADC94A627F8E00200EFE347 /* Gist+Custom.swift in Sources */,
				52769DEE27F0CD4C00F5D4E0 /* Gist+language.swift in Sources */,
				5A2387FF27FB3B1900480C20 /* AuthenticationError.swift in Sources */,
				52769E0027F0EEE400F5D4E0 /* Visibility.swift in Sources */,
				5283B2E027EC0A2F0018F19B /* TokenHandler.swift in Sources */,
				522915B227E778300087530C /* GistRow.swift in Sources */,
				52769DF327F0D18300F5D4E0 /* SnippetHandler.swift in Sources */,
				52769E0627F0FE6A00F5D4E0 /* WebLauncher.swift in Sources */,
				5A23880327FB3F2900480C20 /* CacheHandler.swift in Sources */,
				5ADC94A927F8EB0600EFE347 /* ClipboardHelper.swift in Sources */,
				52769E0327F0F06900F5D4E0 /* AddGistView.swift in Sources */,
				5254DE0127EF8331005BAC56 /* Constants.swift in Sources */,
				52769DF027F0D0CB00F5D4E0 /* Language.swift in Sources */,
			);
			runOnlyForDeploymentPostprocessing = 0;
		};
		525D85C127E760A60066B147 /* Sources */ = {
			isa = PBXSourcesBuildPhase;
			buildActionMask = 2147483647;
			files = (
				5A23881027FB4C4E00480C20 /* SettingsView.swift in Sources */,
				525D860A27E763B80066B147 /* SnippetsListView.swift in Sources */,
				526D97DF27F0CA8600BD46CE /* Gist+text.swift in Sources */,
				525D85E327E760A60066B147 /* FragmentApp.swift in Sources */,
				5283B2E427EC0C240018F19B /* AuthenticationView.swift in Sources */,
				52769DFD27F0E83300F5D4E0 /* Collections+ifExistsAt.swift in Sources */,
				525D860927E763B50066B147 /* MainView.swift in Sources */,
				5283B2E127EC0A2F0018F19B /* TokenHandler.swift in Sources */,
				5ADC94A727F8E00200EFE347 /* Gist+Custom.swift in Sources */,
				522915B327E778300087530C /* GistRow.swift in Sources */,
				5A23880027FB3B1900480C20 /* AuthenticationError.swift in Sources */,
				52769E0127F0EEE400F5D4E0 /* Visibility.swift in Sources */,
				5254DE0227EF8331005BAC56 /* Constants.swift in Sources */,
				52769DF427F0D18300F5D4E0 /* SnippetHandler.swift in Sources */,
				52769E0727F0FE6A00F5D4E0 /* WebLauncher.swift in Sources */,
				5ADC94AA27F8EB0600EFE347 /* ClipboardHelper.swift in Sources */,
				5A23880427FB3F2900480C20 /* CacheHandler.swift in Sources */,
				526D97D427F0C82D00BD46CE /* Language.swift in Sources */,
				52769E0427F0F06900F5D4E0 /* AddGistView.swift in Sources */,
				52769DEF27F0CD4C00F5D4E0 /* Gist+language.swift in Sources */,
				526D97E227F0CBCC00BD46CE /* CodeView.swift in Sources */,
			);
			runOnlyForDeploymentPostprocessing = 0;
		};
		52BABB2227E7DCF300999F01 /* Sources */ = {
			isa = PBXSourcesBuildPhase;
			buildActionMask = 2147483647;
			files = (
				52BABB2927E7DCF300999F01 /* Fragment_iOS_Tests.swift in Sources */,
				52BABB3E27E7DDB200999F01 /* TestApp.swift in Sources */,
			);
			runOnlyForDeploymentPostprocessing = 0;
		};
		52BABB2F27E7DD5500999F01 /* Sources */ = {
			isa = PBXSourcesBuildPhase;
			buildActionMask = 2147483647;
			files = (
				52BABB3627E7DD5500999F01 /* Fragment_macOS_Tests.swift in Sources */,
				52BABB3F27E7DDB200999F01 /* TestApp.swift in Sources */,
			);
			runOnlyForDeploymentPostprocessing = 0;
		};
/* End PBXSourcesBuildPhase section */

/* Begin PBXTargetDependency section */
		52BABB2B27E7DCF300999F01 /* PBXTargetDependency */ = {
			isa = PBXTargetDependency;
			target = 525D85BE27E760A60066B147 /* Fragment (iOS) */;
			targetProxy = 52BABB2A27E7DCF300999F01 /* PBXContainerItemProxy */;
		};
		52BABB3827E7DD5500999F01 /* PBXTargetDependency */ = {
			isa = PBXTargetDependency;
			target = 525D85C427E760A60066B147 /* Fragment (macOS) */;
			targetProxy = 52BABB3727E7DD5500999F01 /* PBXContainerItemProxy */;
		};
/* End PBXTargetDependency section */

/* Begin XCBuildConfiguration section */
		525D85EA27E760A60066B147 /* Debug */ = {
			isa = XCBuildConfiguration;
			buildSettings = {
				ALWAYS_SEARCH_USER_PATHS = NO;
				CLANG_ANALYZER_NONNULL = YES;
				CLANG_ANALYZER_NUMBER_OBJECT_CONVERSION = YES_AGGRESSIVE;
				CLANG_CXX_LANGUAGE_STANDARD = "gnu++17";
				CLANG_ENABLE_MODULES = YES;
				CLANG_ENABLE_OBJC_ARC = YES;
				CLANG_ENABLE_OBJC_WEAK = YES;
				CLANG_WARN_BLOCK_CAPTURE_AUTORELEASING = YES;
				CLANG_WARN_BOOL_CONVERSION = YES;
				CLANG_WARN_COMMA = YES;
				CLANG_WARN_CONSTANT_CONVERSION = YES;
				CLANG_WARN_DEPRECATED_OBJC_IMPLEMENTATIONS = YES;
				CLANG_WARN_DIRECT_OBJC_ISA_USAGE = YES_ERROR;
				CLANG_WARN_DOCUMENTATION_COMMENTS = YES;
				CLANG_WARN_EMPTY_BODY = YES;
				CLANG_WARN_ENUM_CONVERSION = YES;
				CLANG_WARN_INFINITE_RECURSION = YES;
				CLANG_WARN_INT_CONVERSION = YES;
				CLANG_WARN_NON_LITERAL_NULL_CONVERSION = YES;
				CLANG_WARN_OBJC_IMPLICIT_RETAIN_SELF = YES;
				CLANG_WARN_OBJC_LITERAL_CONVERSION = YES;
				CLANG_WARN_OBJC_ROOT_CLASS = YES_ERROR;
				CLANG_WARN_QUOTED_INCLUDE_IN_FRAMEWORK_HEADER = YES;
				CLANG_WARN_RANGE_LOOP_ANALYSIS = YES;
				CLANG_WARN_STRICT_PROTOTYPES = YES;
				CLANG_WARN_SUSPICIOUS_MOVE = YES;
				CLANG_WARN_UNGUARDED_AVAILABILITY = YES_AGGRESSIVE;
				CLANG_WARN_UNREACHABLE_CODE = YES;
				CLANG_WARN__DUPLICATE_METHOD_MATCH = YES;
				COPY_PHASE_STRIP = NO;
				DEBUG_INFORMATION_FORMAT = dwarf;
				ENABLE_STRICT_OBJC_MSGSEND = YES;
				ENABLE_TESTABILITY = YES;
				GCC_C_LANGUAGE_STANDARD = gnu11;
				GCC_DYNAMIC_NO_PIC = NO;
				GCC_NO_COMMON_BLOCKS = YES;
				GCC_OPTIMIZATION_LEVEL = 0;
				GCC_PREPROCESSOR_DEFINITIONS = (
					"DEBUG=1",
					"$(inherited)",
				);
				GCC_WARN_64_TO_32_BIT_CONVERSION = YES;
				GCC_WARN_ABOUT_RETURN_TYPE = YES_ERROR;
				GCC_WARN_UNDECLARED_SELECTOR = YES;
				GCC_WARN_UNINITIALIZED_AUTOS = YES_AGGRESSIVE;
				GCC_WARN_UNUSED_FUNCTION = YES;
				GCC_WARN_UNUSED_VARIABLE = YES;
				MTL_ENABLE_DEBUG_INFO = INCLUDE_SOURCE;
				MTL_FAST_MATH = YES;
				ONLY_ACTIVE_ARCH = YES;
				SWIFT_ACTIVE_COMPILATION_CONDITIONS = DEBUG;
				SWIFT_OPTIMIZATION_LEVEL = "-Onone";
			};
			name = Debug;
		};
		525D85EB27E760A60066B147 /* Release */ = {
			isa = XCBuildConfiguration;
			buildSettings = {
				ALWAYS_SEARCH_USER_PATHS = NO;
				CLANG_ANALYZER_NONNULL = YES;
				CLANG_ANALYZER_NUMBER_OBJECT_CONVERSION = YES_AGGRESSIVE;
				CLANG_CXX_LANGUAGE_STANDARD = "gnu++17";
				CLANG_ENABLE_MODULES = YES;
				CLANG_ENABLE_OBJC_ARC = YES;
				CLANG_ENABLE_OBJC_WEAK = YES;
				CLANG_WARN_BLOCK_CAPTURE_AUTORELEASING = YES;
				CLANG_WARN_BOOL_CONVERSION = YES;
				CLANG_WARN_COMMA = YES;
				CLANG_WARN_CONSTANT_CONVERSION = YES;
				CLANG_WARN_DEPRECATED_OBJC_IMPLEMENTATIONS = YES;
				CLANG_WARN_DIRECT_OBJC_ISA_USAGE = YES_ERROR;
				CLANG_WARN_DOCUMENTATION_COMMENTS = YES;
				CLANG_WARN_EMPTY_BODY = YES;
				CLANG_WARN_ENUM_CONVERSION = YES;
				CLANG_WARN_INFINITE_RECURSION = YES;
				CLANG_WARN_INT_CONVERSION = YES;
				CLANG_WARN_NON_LITERAL_NULL_CONVERSION = YES;
				CLANG_WARN_OBJC_IMPLICIT_RETAIN_SELF = YES;
				CLANG_WARN_OBJC_LITERAL_CONVERSION = YES;
				CLANG_WARN_OBJC_ROOT_CLASS = YES_ERROR;
				CLANG_WARN_QUOTED_INCLUDE_IN_FRAMEWORK_HEADER = YES;
				CLANG_WARN_RANGE_LOOP_ANALYSIS = YES;
				CLANG_WARN_STRICT_PROTOTYPES = YES;
				CLANG_WARN_SUSPICIOUS_MOVE = YES;
				CLANG_WARN_UNGUARDED_AVAILABILITY = YES_AGGRESSIVE;
				CLANG_WARN_UNREACHABLE_CODE = YES;
				CLANG_WARN__DUPLICATE_METHOD_MATCH = YES;
				COPY_PHASE_STRIP = NO;
				DEBUG_INFORMATION_FORMAT = "dwarf-with-dsym";
				ENABLE_NS_ASSERTIONS = NO;
				ENABLE_STRICT_OBJC_MSGSEND = YES;
				GCC_C_LANGUAGE_STANDARD = gnu11;
				GCC_NO_COMMON_BLOCKS = YES;
				GCC_WARN_64_TO_32_BIT_CONVERSION = YES;
				GCC_WARN_ABOUT_RETURN_TYPE = YES_ERROR;
				GCC_WARN_UNDECLARED_SELECTOR = YES;
				GCC_WARN_UNINITIALIZED_AUTOS = YES_AGGRESSIVE;
				GCC_WARN_UNUSED_FUNCTION = YES;
				GCC_WARN_UNUSED_VARIABLE = YES;
				MTL_ENABLE_DEBUG_INFO = NO;
				MTL_FAST_MATH = YES;
				SWIFT_COMPILATION_MODE = wholemodule;
				SWIFT_OPTIMIZATION_LEVEL = "-O";
			};
			name = Release;
		};
		525D85ED27E760A60066B147 /* Debug */ = {
			isa = XCBuildConfiguration;
			buildSettings = {
				ASSETCATALOG_COMPILER_APPICON_NAME = AppIcon;
				ASSETCATALOG_COMPILER_GLOBAL_ACCENT_COLOR_NAME = AccentColor;
				ASSETCATALOG_COMPILER_INCLUDE_ALL_APPICON_ASSETS = NO;
				CODE_SIGN_STYLE = Automatic;
				CURRENT_PROJECT_VERSION = 1;
				DEVELOPMENT_TEAM = WRJ8J85K4Q;
				ENABLE_PREVIEWS = YES;
				GENERATE_INFOPLIST_FILE = YES;
				INFOPLIST_FILE = "Fragment--iOS--Info.plist";
				INFOPLIST_KEY_UIApplicationSceneManifest_Generation = YES;
				INFOPLIST_KEY_UIApplicationSupportsIndirectInputEvents = YES;
				INFOPLIST_KEY_UILaunchScreen_Generation = YES;
				INFOPLIST_KEY_UISupportedInterfaceOrientations_iPad = "UIInterfaceOrientationPortrait UIInterfaceOrientationPortraitUpsideDown UIInterfaceOrientationLandscapeLeft UIInterfaceOrientationLandscapeRight";
				INFOPLIST_KEY_UISupportedInterfaceOrientations_iPhone = "UIInterfaceOrientationPortrait UIInterfaceOrientationLandscapeLeft UIInterfaceOrientationLandscapeRight";
				IPHONEOS_DEPLOYMENT_TARGET = 15.4;
				LD_RUNPATH_SEARCH_PATHS = (
					"$(inherited)",
					"@executable_path/Frameworks",
				);
				MARKETING_VERSION = 0.0.5;
				PRODUCT_BUNDLE_IDENTIFIER = com.codedbydan.FragmentSnippetManager;
				PRODUCT_NAME = Fragment;
				SDKROOT = iphoneos;
				SWIFT_EMIT_LOC_STRINGS = YES;
				SWIFT_VERSION = 5.0;
				TARGETED_DEVICE_FAMILY = "1,2";
			};
			name = Debug;
		};
		525D85EE27E760A60066B147 /* Release */ = {
			isa = XCBuildConfiguration;
			buildSettings = {
				ASSETCATALOG_COMPILER_APPICON_NAME = AppIcon;
				ASSETCATALOG_COMPILER_GLOBAL_ACCENT_COLOR_NAME = AccentColor;
				ASSETCATALOG_COMPILER_INCLUDE_ALL_APPICON_ASSETS = NO;
				CODE_SIGN_STYLE = Automatic;
				CURRENT_PROJECT_VERSION = 1;
				DEVELOPMENT_TEAM = WRJ8J85K4Q;
				ENABLE_PREVIEWS = YES;
				GENERATE_INFOPLIST_FILE = YES;
				INFOPLIST_FILE = "Fragment--iOS--Info.plist";
				INFOPLIST_KEY_UIApplicationSceneManifest_Generation = YES;
				INFOPLIST_KEY_UIApplicationSupportsIndirectInputEvents = YES;
				INFOPLIST_KEY_UILaunchScreen_Generation = YES;
				INFOPLIST_KEY_UISupportedInterfaceOrientations_iPad = "UIInterfaceOrientationPortrait UIInterfaceOrientationPortraitUpsideDown UIInterfaceOrientationLandscapeLeft UIInterfaceOrientationLandscapeRight";
				INFOPLIST_KEY_UISupportedInterfaceOrientations_iPhone = "UIInterfaceOrientationPortrait UIInterfaceOrientationLandscapeLeft UIInterfaceOrientationLandscapeRight";
				IPHONEOS_DEPLOYMENT_TARGET = 15.4;
				LD_RUNPATH_SEARCH_PATHS = (
					"$(inherited)",
					"@executable_path/Frameworks",
				);
				MARKETING_VERSION = 0.0.5;
				PRODUCT_BUNDLE_IDENTIFIER = com.codedbydan.FragmentSnippetManager;
				PRODUCT_NAME = Fragment;
				SDKROOT = iphoneos;
				SWIFT_EMIT_LOC_STRINGS = YES;
				SWIFT_VERSION = 5.0;
				TARGETED_DEVICE_FAMILY = "1,2";
				VALIDATE_PRODUCT = YES;
			};
			name = Release;
		};
		525D85F027E760A60066B147 /* Debug */ = {
			isa = XCBuildConfiguration;
			buildSettings = {
				ASSETCATALOG_COMPILER_APPICON_NAME = "AppIcon-macOS";
				ASSETCATALOG_COMPILER_GLOBAL_ACCENT_COLOR_NAME = AccentColor;
				ASSETCATALOG_COMPILER_INCLUDE_ALL_APPICON_ASSETS = NO;
				CODE_SIGN_ENTITLEMENTS = macOS/macOS.entitlements;
				CODE_SIGN_STYLE = Automatic;
				COMBINE_HIDPI_IMAGES = YES;
				CURRENT_PROJECT_VERSION = 1;
				DEVELOPMENT_TEAM = 8N5252PDS7;
				ENABLE_HARDENED_RUNTIME = YES;
				ENABLE_PREVIEWS = YES;
				GENERATE_INFOPLIST_FILE = YES;
				INFOPLIST_FILE = "Fragment--macOS--Info.plist";
				INFOPLIST_KEY_LSApplicationCategoryType = "public.app-category.developer-tools";
				INFOPLIST_KEY_NSHumanReadableCopyright = "";
				LD_RUNPATH_SEARCH_PATHS = (
					"$(inherited)",
					"@executable_path/../Frameworks",
				);
				MACOSX_DEPLOYMENT_TARGET = 12.3;
				MARKETING_VERSION = 0.0.5;
				PRODUCT_BUNDLE_IDENTIFIER = com.codedbydan.FragmentSnippetManager;
				PRODUCT_NAME = Fragment;
				SDKROOT = macosx;
				SWIFT_EMIT_LOC_STRINGS = YES;
				SWIFT_VERSION = 5.0;
			};
			name = Debug;
		};
		525D85F127E760A60066B147 /* Release */ = {
			isa = XCBuildConfiguration;
			buildSettings = {
				ASSETCATALOG_COMPILER_APPICON_NAME = "AppIcon-macOS";
				ASSETCATALOG_COMPILER_GLOBAL_ACCENT_COLOR_NAME = AccentColor;
				ASSETCATALOG_COMPILER_INCLUDE_ALL_APPICON_ASSETS = NO;
				CODE_SIGN_ENTITLEMENTS = macOS/macOS.entitlements;
				CODE_SIGN_STYLE = Automatic;
				COMBINE_HIDPI_IMAGES = YES;
				CURRENT_PROJECT_VERSION = 1;
				DEVELOPMENT_TEAM = 8N5252PDS7;
				ENABLE_HARDENED_RUNTIME = YES;
				ENABLE_PREVIEWS = YES;
				GENERATE_INFOPLIST_FILE = YES;
				INFOPLIST_FILE = "Fragment--macOS--Info.plist";
				INFOPLIST_KEY_LSApplicationCategoryType = "public.app-category.developer-tools";
				INFOPLIST_KEY_NSHumanReadableCopyright = "";
				LD_RUNPATH_SEARCH_PATHS = (
					"$(inherited)",
					"@executable_path/../Frameworks",
				);
				MACOSX_DEPLOYMENT_TARGET = 12.3;
				MARKETING_VERSION = 0.0.5;
				PRODUCT_BUNDLE_IDENTIFIER = com.codedbydan.FragmentSnippetManager;
				PRODUCT_NAME = Fragment;
				SDKROOT = macosx;
				SWIFT_EMIT_LOC_STRINGS = YES;
				SWIFT_VERSION = 5.0;
			};
			name = Release;
		};
		52BABB2D27E7DCF300999F01 /* Debug */ = {
			isa = XCBuildConfiguration;
			buildSettings = {
				BUNDLE_LOADER = "$(TEST_HOST)";
				CODE_SIGN_STYLE = Automatic;
				CURRENT_PROJECT_VERSION = 1;
				DEVELOPMENT_TEAM = WRJ8J85K4Q;
				GENERATE_INFOPLIST_FILE = YES;
				IPHONEOS_DEPLOYMENT_TARGET = 15.4;
				MARKETING_VERSION = 1.0;
				PRODUCT_BUNDLE_IDENTIFIER = "com.codedbydan.Fragment-iOS-Tests";
				PRODUCT_NAME = "$(TARGET_NAME)";
				SDKROOT = iphoneos;
				SWIFT_EMIT_LOC_STRINGS = NO;
				SWIFT_VERSION = 5.0;
				TARGETED_DEVICE_FAMILY = "1,2";
				TEST_HOST = "$(BUILT_PRODUCTS_DIR)/Fragment.app/Fragment";
			};
			name = Debug;
		};
		52BABB2E27E7DCF300999F01 /* Release */ = {
			isa = XCBuildConfiguration;
			buildSettings = {
				BUNDLE_LOADER = "$(TEST_HOST)";
				CODE_SIGN_STYLE = Automatic;
				CURRENT_PROJECT_VERSION = 1;
				DEVELOPMENT_TEAM = WRJ8J85K4Q;
				GENERATE_INFOPLIST_FILE = YES;
				IPHONEOS_DEPLOYMENT_TARGET = 15.4;
				MARKETING_VERSION = 1.0;
				PRODUCT_BUNDLE_IDENTIFIER = "com.codedbydan.Fragment-iOS-Tests";
				PRODUCT_NAME = "$(TARGET_NAME)";
				SDKROOT = iphoneos;
				SWIFT_EMIT_LOC_STRINGS = NO;
				SWIFT_VERSION = 5.0;
				TARGETED_DEVICE_FAMILY = "1,2";
				TEST_HOST = "$(BUILT_PRODUCTS_DIR)/Fragment.app/Fragment";
				VALIDATE_PRODUCT = YES;
			};
			name = Release;
		};
		52BABB3A27E7DD5500999F01 /* Debug */ = {
			isa = XCBuildConfiguration;
			buildSettings = {
				BUNDLE_LOADER = "$(TEST_HOST)";
				CODE_SIGN_STYLE = Automatic;
				CURRENT_PROJECT_VERSION = 1;
				DEVELOPMENT_TEAM = WRJ8J85K4Q;
				GENERATE_INFOPLIST_FILE = YES;
				MACOSX_DEPLOYMENT_TARGET = 12.3;
				MARKETING_VERSION = 1.0;
				PRODUCT_BUNDLE_IDENTIFIER = "com.codedbydan.Fragment-macOS-Tests";
				PRODUCT_NAME = "$(TARGET_NAME)";
				SDKROOT = macosx;
				SWIFT_EMIT_LOC_STRINGS = NO;
				SWIFT_VERSION = 5.0;
				TEST_HOST = "$(BUILT_PRODUCTS_DIR)/Fragment.app/Contents/MacOS/Fragment";
			};
			name = Debug;
		};
		52BABB3B27E7DD5500999F01 /* Release */ = {
			isa = XCBuildConfiguration;
			buildSettings = {
				BUNDLE_LOADER = "$(TEST_HOST)";
				CODE_SIGN_STYLE = Automatic;
				CURRENT_PROJECT_VERSION = 1;
				DEVELOPMENT_TEAM = WRJ8J85K4Q;
				GENERATE_INFOPLIST_FILE = YES;
				MACOSX_DEPLOYMENT_TARGET = 12.3;
				MARKETING_VERSION = 1.0;
				PRODUCT_BUNDLE_IDENTIFIER = "com.codedbydan.Fragment-macOS-Tests";
				PRODUCT_NAME = "$(TARGET_NAME)";
				SDKROOT = macosx;
				SWIFT_EMIT_LOC_STRINGS = NO;
				SWIFT_VERSION = 5.0;
				TEST_HOST = "$(BUILT_PRODUCTS_DIR)/Fragment.app/Contents/MacOS/Fragment";
			};
			name = Release;
		};
/* End XCBuildConfiguration section */

/* Begin XCConfigurationList section */
		525D85B327E760A40066B147 /* Build configuration list for PBXProject "Fragment" */ = {
			isa = XCConfigurationList;
			buildConfigurations = (
				525D85EA27E760A60066B147 /* Debug */,
				525D85EB27E760A60066B147 /* Release */,
			);
			defaultConfigurationIsVisible = 0;
			defaultConfigurationName = Release;
		};
		525D85EC27E760A60066B147 /* Build configuration list for PBXNativeTarget "Fragment (iOS)" */ = {
			isa = XCConfigurationList;
			buildConfigurations = (
				525D85ED27E760A60066B147 /* Debug */,
				525D85EE27E760A60066B147 /* Release */,
			);
			defaultConfigurationIsVisible = 0;
			defaultConfigurationName = Release;
		};
		525D85EF27E760A60066B147 /* Build configuration list for PBXNativeTarget "Fragment (macOS)" */ = {
			isa = XCConfigurationList;
			buildConfigurations = (
				525D85F027E760A60066B147 /* Debug */,
				525D85F127E760A60066B147 /* Release */,
			);
			defaultConfigurationIsVisible = 0;
			defaultConfigurationName = Release;
		};
		52BABB2C27E7DCF300999F01 /* Build configuration list for PBXNativeTarget "Fragment-iOS-Tests" */ = {
			isa = XCConfigurationList;
			buildConfigurations = (
				52BABB2D27E7DCF300999F01 /* Debug */,
				52BABB2E27E7DCF300999F01 /* Release */,
			);
			defaultConfigurationIsVisible = 0;
			defaultConfigurationName = Release;
		};
		52BABB3927E7DD5500999F01 /* Build configuration list for PBXNativeTarget "Fragment-macOS-Tests" */ = {
			isa = XCConfigurationList;
			buildConfigurations = (
				52BABB3A27E7DD5500999F01 /* Debug */,
				52BABB3B27E7DD5500999F01 /* Release */,
			);
			defaultConfigurationIsVisible = 0;
			defaultConfigurationName = Release;
		};
/* End XCConfigurationList section */

/* Begin XCRemoteSwiftPackageReference section */
		5254DDFD27EF8224005BAC56 /* XCRemoteSwiftPackageReference "SFSafeSymbols" */ = {
			isa = XCRemoteSwiftPackageReference;
			repositoryURL = "https://github.com/SFSafeSymbols/SFSafeSymbols";
			requirement = {
				kind = upToNextMajorVersion;
				minimumVersion = 2.0.0;
			};
		};
		525D860627E762B40066B147 /* XCRemoteSwiftPackageReference "octokit" */ = {
			isa = XCRemoteSwiftPackageReference;
			repositoryURL = "https://github.com/nerdishbynature/octokit.swift";
			requirement = {
				kind = upToNextMajorVersion;
				minimumVersion = 0.9.0;
			};
		};
		526D97C127F0C25B00BD46CE /* XCRemoteSwiftPackageReference "KeychainAccess" */ = {
			isa = XCRemoteSwiftPackageReference;
			repositoryURL = "https://github.com/kishikawakatsumi/KeychainAccess";
			requirement = {
				kind = upToNextMajorVersion;
				minimumVersion = 4.0.0;
			};
		};
		526D97C627F0C5BE00BD46CE /* XCRemoteSwiftPackageReference "Highlightr" */ = {
			isa = XCRemoteSwiftPackageReference;
			repositoryURL = "https://github.com/raspu/Highlightr";
			requirement = {
				kind = upToNextMajorVersion;
				minimumVersion = 2.0.0;
			};
		};
		5A23880527FB47E300480C20 /* XCRemoteSwiftPackageReference "SwifterSwift" */ = {
			isa = XCRemoteSwiftPackageReference;
			repositoryURL = "https://github.com/SwifterSwift/SwifterSwift";
			requirement = {
				kind = upToNextMajorVersion;
				minimumVersion = 5.0.0;
			};
		};
		5A4C7E5427F3B600006B3A4A /* XCRemoteSwiftPackageReference "CodeEditor" */ = {
			isa = XCRemoteSwiftPackageReference;
			repositoryURL = "https://github.com/ZeeZide/CodeEditor";
			requirement = {
				kind = upToNextMajorVersion;
				minimumVersion = 1.0.0;
			};
		};
		5AD4DFF127F3AC7A003C2C61 /* XCRemoteSwiftPackageReference "DHCacheKit" */ = {
			isa = XCRemoteSwiftPackageReference;
			repositoryURL = "https://github.com/dan-hart/DHCacheKit";
			requirement = {
				kind = exactVersion;
				version = 0.0.3;
			};
		};
/* End XCRemoteSwiftPackageReference section */

/* Begin XCSwiftPackageProductDependency section */
		522915BF27E789E20087530C /* OctoKit */ = {
			isa = XCSwiftPackageProductDependency;
			package = 525D860627E762B40066B147 /* XCRemoteSwiftPackageReference "octokit" */;
			productName = OctoKit;
		};
		5254DDFE27EF8224005BAC56 /* SFSafeSymbols */ = {
			isa = XCSwiftPackageProductDependency;
			package = 5254DDFD27EF8224005BAC56 /* XCRemoteSwiftPackageReference "SFSafeSymbols" */;
			productName = SFSafeSymbols;
		};
		5254DE0327EF837A005BAC56 /* SFSafeSymbols */ = {
			isa = XCSwiftPackageProductDependency;
			package = 5254DDFD27EF8224005BAC56 /* XCRemoteSwiftPackageReference "SFSafeSymbols" */;
			productName = SFSafeSymbols;
		};
		525D860727E762B40066B147 /* OctoKit */ = {
			isa = XCSwiftPackageProductDependency;
			package = 525D860627E762B40066B147 /* XCRemoteSwiftPackageReference "octokit" */;
			productName = OctoKit;
		};
		526D97C227F0C25B00BD46CE /* KeychainAccess */ = {
			isa = XCSwiftPackageProductDependency;
			package = 526D97C127F0C25B00BD46CE /* XCRemoteSwiftPackageReference "KeychainAccess" */;
			productName = KeychainAccess;
		};
		526D97C427F0C26600BD46CE /* KeychainAccess */ = {
			isa = XCSwiftPackageProductDependency;
			package = 526D97C127F0C25B00BD46CE /* XCRemoteSwiftPackageReference "KeychainAccess" */;
			productName = KeychainAccess;
		};
		526D97C727F0C5BE00BD46CE /* Highlightr */ = {
			isa = XCSwiftPackageProductDependency;
			package = 526D97C627F0C5BE00BD46CE /* XCRemoteSwiftPackageReference "Highlightr" */;
			productName = Highlightr;
		};
		526D97C927F0C5C500BD46CE /* Highlightr */ = {
			isa = XCSwiftPackageProductDependency;
			package = 526D97C627F0C5BE00BD46CE /* XCRemoteSwiftPackageReference "Highlightr" */;
			productName = Highlightr;
		};
		5A23880627FB47E300480C20 /* SwifterSwift */ = {
			isa = XCSwiftPackageProductDependency;
			package = 5A23880527FB47E300480C20 /* XCRemoteSwiftPackageReference "SwifterSwift" */;
			productName = SwifterSwift;
		};
		5A23880827FB47F200480C20 /* SwifterSwift */ = {
			isa = XCSwiftPackageProductDependency;
			package = 5A23880527FB47E300480C20 /* XCRemoteSwiftPackageReference "SwifterSwift" */;
			productName = SwifterSwift;
		};
		5A4C7E5527F3B600006B3A4A /* CodeEditor */ = {
			isa = XCSwiftPackageProductDependency;
			package = 5A4C7E5427F3B600006B3A4A /* XCRemoteSwiftPackageReference "CodeEditor" */;
			productName = CodeEditor;
		};
		5A4C7E5727F3BE78006B3A4A /* CodeEditor */ = {
			isa = XCSwiftPackageProductDependency;
			package = 5A4C7E5427F3B600006B3A4A /* XCRemoteSwiftPackageReference "CodeEditor" */;
			productName = CodeEditor;
		};
		5AD4DFF227F3AC7A003C2C61 /* DHCacheKit */ = {
			isa = XCSwiftPackageProductDependency;
			package = 5AD4DFF127F3AC7A003C2C61 /* XCRemoteSwiftPackageReference "DHCacheKit" */;
			productName = DHCacheKit;
		};
		5AD4DFF427F3AC87003C2C61 /* DHCacheKit */ = {
			isa = XCSwiftPackageProductDependency;
			package = 5AD4DFF127F3AC7A003C2C61 /* XCRemoteSwiftPackageReference "DHCacheKit" */;
			productName = DHCacheKit;
		};
/* End XCSwiftPackageProductDependency section */
	};
	rootObject = 525D85B027E760A40066B147 /* Project object */;
}
