// !$*UTF8*$!
{
	archiveVersion = 1;
	classes = {
	};
	objectVersion = 55;
	objects = {

/* Begin PBXBuildFile section */
		522915A527E767880087530C /* DHSourcelessKeyValueStore in Frameworks */ = {isa = PBXBuildFile; productRef = 522915A427E767880087530C /* DHSourcelessKeyValueStore */; };
		522915B227E778300087530C /* GistRow.swift in Sources */ = {isa = PBXBuildFile; fileRef = 522915B127E778300087530C /* GistRow.swift */; };
		522915B327E778300087530C /* GistRow.swift in Sources */ = {isa = PBXBuildFile; fileRef = 522915B127E778300087530C /* GistRow.swift */; };
		522915B627E77D380087530C /* Encodable+JSON.swift in Sources */ = {isa = PBXBuildFile; fileRef = 522915B527E77D380087530C /* Encodable+JSON.swift */; };
		522915B727E77D380087530C /* Encodable+JSON.swift in Sources */ = {isa = PBXBuildFile; fileRef = 522915B527E77D380087530C /* Encodable+JSON.swift */; };
		522915BA27E785690087530C /* CodeView.swift in Sources */ = {isa = PBXBuildFile; fileRef = 522915B927E785690087530C /* CodeView.swift */; };
		522915BB27E785690087530C /* CodeView.swift in Sources */ = {isa = PBXBuildFile; fileRef = 522915B927E785690087530C /* CodeView.swift */; };
		522915BE27E7857C0087530C /* Splash in Frameworks */ = {isa = PBXBuildFile; productRef = 522915BD27E7857C0087530C /* Splash */; };
		522915C027E789E20087530C /* OctoKit in Frameworks */ = {isa = PBXBuildFile; productRef = 522915BF27E789E20087530C /* OctoKit */; };
		522915C227E789E20087530C /* DHSourcelessKeyValueStore in Frameworks */ = {isa = PBXBuildFile; productRef = 522915C127E789E20087530C /* DHSourcelessKeyValueStore */; };
		522915C427E789E20087530C /* Splash in Frameworks */ = {isa = PBXBuildFile; productRef = 522915C327E789E20087530C /* Splash */; };
		525D85E227E760A60066B147 /* FragmentApp.swift in Sources */ = {isa = PBXBuildFile; fileRef = 525D85B727E760A40066B147 /* FragmentApp.swift */; };
		525D85E327E760A60066B147 /* FragmentApp.swift in Sources */ = {isa = PBXBuildFile; fileRef = 525D85B727E760A40066B147 /* FragmentApp.swift */; };
		525D85E827E760A60066B147 /* Assets.xcassets in Resources */ = {isa = PBXBuildFile; fileRef = 525D85BA27E760A60066B147 /* Assets.xcassets */; };
		525D85E927E760A60066B147 /* Assets.xcassets in Resources */ = {isa = PBXBuildFile; fileRef = 525D85BA27E760A60066B147 /* Assets.xcassets */; };
		525D860327E7621D0066B147 /* MainView.swift in Sources */ = {isa = PBXBuildFile; fileRef = 525D860227E7621D0066B147 /* MainView.swift */; };
		525D860527E762610066B147 /* SnippetsListView.swift in Sources */ = {isa = PBXBuildFile; fileRef = 525D860427E762610066B147 /* SnippetsListView.swift */; };
		525D860827E762B40066B147 /* OctoKit in Frameworks */ = {isa = PBXBuildFile; productRef = 525D860727E762B40066B147 /* OctoKit */; };
		525D860927E763B50066B147 /* MainView.swift in Sources */ = {isa = PBXBuildFile; fileRef = 525D860227E7621D0066B147 /* MainView.swift */; };
		525D860A27E763B80066B147 /* SnippetsListView.swift in Sources */ = {isa = PBXBuildFile; fileRef = 525D860427E762610066B147 /* SnippetsListView.swift */; };
/* End PBXBuildFile section */

/* Begin PBXContainerItemProxy section */
		525D85CD27E760A60066B147 /* PBXContainerItemProxy */ = {
			isa = PBXContainerItemProxy;
			containerPortal = 525D85B027E760A40066B147 /* Project object */;
			proxyType = 1;
			remoteGlobalIDString = 525D85BE27E760A60066B147;
			remoteInfo = "Fragment (iOS)";
		};
		525D85D927E760A60066B147 /* PBXContainerItemProxy */ = {
			isa = PBXContainerItemProxy;
			containerPortal = 525D85B027E760A40066B147 /* Project object */;
			proxyType = 1;
			remoteGlobalIDString = 525D85C427E760A60066B147;
			remoteInfo = "Fragment (macOS)";
		};
/* End PBXContainerItemProxy section */

/* Begin PBXFileReference section */
		522915B127E778300087530C /* GistRow.swift */ = {isa = PBXFileReference; lastKnownFileType = sourcecode.swift; path = GistRow.swift; sourceTree = "<group>"; };
		522915B527E77D380087530C /* Encodable+JSON.swift */ = {isa = PBXFileReference; lastKnownFileType = sourcecode.swift; path = "Encodable+JSON.swift"; sourceTree = "<group>"; };
		522915B927E785690087530C /* CodeView.swift */ = {isa = PBXFileReference; lastKnownFileType = sourcecode.swift; path = CodeView.swift; sourceTree = "<group>"; };
		522915C827E79CF40087530C /* Fragment--macOS--Info.plist */ = {isa = PBXFileReference; lastKnownFileType = text.plist; path = "Fragment--macOS--Info.plist"; sourceTree = "<group>"; };
		522915C927E79D040087530C /* Fragment--iOS--Info.plist */ = {isa = PBXFileReference; lastKnownFileType = text.plist; path = "Fragment--iOS--Info.plist"; sourceTree = "<group>"; };
		525D85B727E760A40066B147 /* FragmentApp.swift */ = {isa = PBXFileReference; lastKnownFileType = sourcecode.swift; path = FragmentApp.swift; sourceTree = "<group>"; };
		525D85BA27E760A60066B147 /* Assets.xcassets */ = {isa = PBXFileReference; lastKnownFileType = folder.assetcatalog; path = Assets.xcassets; sourceTree = "<group>"; };
		525D85BF27E760A60066B147 /* Fragment.app */ = {isa = PBXFileReference; explicitFileType = wrapper.application; includeInIndex = 0; path = Fragment.app; sourceTree = BUILT_PRODUCTS_DIR; };
		525D85C527E760A60066B147 /* Fragment.app */ = {isa = PBXFileReference; explicitFileType = wrapper.application; includeInIndex = 0; path = Fragment.app; sourceTree = BUILT_PRODUCTS_DIR; };
		525D85C727E760A60066B147 /* macOS.entitlements */ = {isa = PBXFileReference; lastKnownFileType = text.plist.entitlements; path = macOS.entitlements; sourceTree = "<group>"; };
		525D85CC27E760A60066B147 /* Tests iOS.xctest */ = {isa = PBXFileReference; explicitFileType = wrapper.cfbundle; includeInIndex = 0; path = "Tests iOS.xctest"; sourceTree = BUILT_PRODUCTS_DIR; };
		525D85D827E760A60066B147 /* Tests macOS.xctest */ = {isa = PBXFileReference; explicitFileType = wrapper.cfbundle; includeInIndex = 0; path = "Tests macOS.xctest"; sourceTree = BUILT_PRODUCTS_DIR; };
		525D860227E7621D0066B147 /* MainView.swift */ = {isa = PBXFileReference; lastKnownFileType = sourcecode.swift; path = MainView.swift; sourceTree = "<group>"; };
		525D860427E762610066B147 /* SnippetsListView.swift */ = {isa = PBXFileReference; lastKnownFileType = sourcecode.swift; path = SnippetsListView.swift; sourceTree = "<group>"; };
/* End PBXFileReference section */

/* Begin PBXFrameworksBuildPhase section */
		525D85BC27E760A60066B147 /* Frameworks */ = {
			isa = PBXFrameworksBuildPhase;
			buildActionMask = 2147483647;
			files = (
				522915A527E767880087530C /* DHSourcelessKeyValueStore in Frameworks */,
				525D860827E762B40066B147 /* OctoKit in Frameworks */,
				522915BE27E7857C0087530C /* Splash in Frameworks */,
			);
			runOnlyForDeploymentPostprocessing = 0;
		};
		525D85C227E760A60066B147 /* Frameworks */ = {
			isa = PBXFrameworksBuildPhase;
			buildActionMask = 2147483647;
			files = (
				522915C227E789E20087530C /* DHSourcelessKeyValueStore in Frameworks */,
				522915C027E789E20087530C /* OctoKit in Frameworks */,
				522915C427E789E20087530C /* Splash in Frameworks */,
			);
			runOnlyForDeploymentPostprocessing = 0;
		};
		525D85C927E760A60066B147 /* Frameworks */ = {
			isa = PBXFrameworksBuildPhase;
			buildActionMask = 2147483647;
			files = (
			);
			runOnlyForDeploymentPostprocessing = 0;
		};
		525D85D527E760A60066B147 /* Frameworks */ = {
			isa = PBXFrameworksBuildPhase;
			buildActionMask = 2147483647;
			files = (
			);
			runOnlyForDeploymentPostprocessing = 0;
		};
/* End PBXFrameworksBuildPhase section */

/* Begin PBXGroup section */
		522915B027E7781E0087530C /* GistViews */ = {
			isa = PBXGroup;
			children = (
				522915B127E778300087530C /* GistRow.swift */,
			);
			path = GistViews;
			sourceTree = "<group>";
		};
		522915B427E77D290087530C /* Extensions */ = {
			isa = PBXGroup;
			children = (
				522915B527E77D380087530C /* Encodable+JSON.swift */,
			);
			path = Extensions;
			sourceTree = "<group>";
		};
		522915B827E7855E0087530C /* CodeViews */ = {
			isa = PBXGroup;
			children = (
				522915B927E785690087530C /* CodeView.swift */,
			);
			path = CodeViews;
			sourceTree = "<group>";
		};
		525D85AF27E760A40066B147 = {
			isa = PBXGroup;
			children = (
				522915C927E79D040087530C /* Fragment--iOS--Info.plist */,
				522915C827E79CF40087530C /* Fragment--macOS--Info.plist */,
				525D85B427E760A40066B147 /* Shared */,
				525D85C627E760A60066B147 /* macOS */,
				525D85C027E760A60066B147 /* Products */,
				525D85FE27E761CB0066B147 /* Frameworks */,
			);
			sourceTree = "<group>";
		};
		525D85B427E760A40066B147 /* Shared */ = {
			isa = PBXGroup;
			children = (
				522915B427E77D290087530C /* Extensions */,
				525D860127E762140066B147 /* Views */,
				525D85B727E760A40066B147 /* FragmentApp.swift */,
				525D85BA27E760A60066B147 /* Assets.xcassets */,
			);
			path = Shared;
			sourceTree = "<group>";
		};
		525D85C027E760A60066B147 /* Products */ = {
			isa = PBXGroup;
			children = (
				525D85BF27E760A60066B147 /* Fragment.app */,
				525D85C527E760A60066B147 /* Fragment.app */,
				525D85CC27E760A60066B147 /* Tests iOS.xctest */,
				525D85D827E760A60066B147 /* Tests macOS.xctest */,
			);
			name = Products;
			sourceTree = "<group>";
		};
		525D85C627E760A60066B147 /* macOS */ = {
			isa = PBXGroup;
			children = (
				525D85C727E760A60066B147 /* macOS.entitlements */,
			);
			path = macOS;
			sourceTree = "<group>";
		};
		525D85FE27E761CB0066B147 /* Frameworks */ = {
			isa = PBXGroup;
			children = (
			);
			name = Frameworks;
			sourceTree = "<group>";
		};
		525D860127E762140066B147 /* Views */ = {
			isa = PBXGroup;
			children = (
				522915B827E7855E0087530C /* CodeViews */,
				522915B027E7781E0087530C /* GistViews */,
				525D860227E7621D0066B147 /* MainView.swift */,
				525D860427E762610066B147 /* SnippetsListView.swift */,
			);
			path = Views;
			sourceTree = "<group>";
		};
/* End PBXGroup section */

/* Begin PBXNativeTarget section */
		525D85BE27E760A60066B147 /* Fragment (iOS) */ = {
			isa = PBXNativeTarget;
			buildConfigurationList = 525D85EC27E760A60066B147 /* Build configuration list for PBXNativeTarget "Fragment (iOS)" */;
			buildPhases = (
				525D85BB27E760A60066B147 /* Sources */,
				525D85BC27E760A60066B147 /* Frameworks */,
				525D85BD27E760A60066B147 /* Resources */,
			);
			buildRules = (
			);
			dependencies = (
			);
			name = "Fragment (iOS)";
			packageProductDependencies = (
				525D860727E762B40066B147 /* OctoKit */,
				522915A427E767880087530C /* DHSourcelessKeyValueStore */,
				522915BD27E7857C0087530C /* Splash */,
			);
			productName = "Fragment (iOS)";
			productReference = 525D85BF27E760A60066B147 /* Fragment.app */;
			productType = "com.apple.product-type.application";
		};
		525D85C427E760A60066B147 /* Fragment (macOS) */ = {
			isa = PBXNativeTarget;
			buildConfigurationList = 525D85EF27E760A60066B147 /* Build configuration list for PBXNativeTarget "Fragment (macOS)" */;
			buildPhases = (
				525D85C127E760A60066B147 /* Sources */,
				525D85C227E760A60066B147 /* Frameworks */,
				525D85C327E760A60066B147 /* Resources */,
			);
			buildRules = (
			);
			dependencies = (
			);
			name = "Fragment (macOS)";
			packageProductDependencies = (
				522915BF27E789E20087530C /* OctoKit */,
				522915C127E789E20087530C /* DHSourcelessKeyValueStore */,
				522915C327E789E20087530C /* Splash */,
			);
			productName = "Fragment (macOS)";
			productReference = 525D85C527E760A60066B147 /* Fragment.app */;
			productType = "com.apple.product-type.application";
		};
		525D85CB27E760A60066B147 /* Tests iOS */ = {
			isa = PBXNativeTarget;
			buildConfigurationList = 525D85F227E760A60066B147 /* Build configuration list for PBXNativeTarget "Tests iOS" */;
			buildPhases = (
				525D85C827E760A60066B147 /* Sources */,
				525D85C927E760A60066B147 /* Frameworks */,
				525D85CA27E760A60066B147 /* Resources */,
			);
			buildRules = (
			);
			dependencies = (
				525D85CE27E760A60066B147 /* PBXTargetDependency */,
			);
			name = "Tests iOS";
			productName = "Tests iOS";
			productReference = 525D85CC27E760A60066B147 /* Tests iOS.xctest */;
			productType = "com.apple.product-type.bundle.ui-testing";
		};
		525D85D727E760A60066B147 /* Tests macOS */ = {
			isa = PBXNativeTarget;
			buildConfigurationList = 525D85F527E760A60066B147 /* Build configuration list for PBXNativeTarget "Tests macOS" */;
			buildPhases = (
				525D85D427E760A60066B147 /* Sources */,
				525D85D527E760A60066B147 /* Frameworks */,
				525D85D627E760A60066B147 /* Resources */,
			);
			buildRules = (
			);
			dependencies = (
				525D85DA27E760A60066B147 /* PBXTargetDependency */,
			);
			name = "Tests macOS";
			productName = "Tests macOS";
			productReference = 525D85D827E760A60066B147 /* Tests macOS.xctest */;
			productType = "com.apple.product-type.bundle.ui-testing";
		};
/* End PBXNativeTarget section */

/* Begin PBXProject section */
		525D85B027E760A40066B147 /* Project object */ = {
			isa = PBXProject;
			attributes = {
				BuildIndependentTargetsInParallel = 1;
				LastSwiftUpdateCheck = 1330;
				LastUpgradeCheck = 1330;
				TargetAttributes = {
					525D85BE27E760A60066B147 = {
						CreatedOnToolsVersion = 13.3;
					};
					525D85C427E760A60066B147 = {
						CreatedOnToolsVersion = 13.3;
					};
					525D85CB27E760A60066B147 = {
						CreatedOnToolsVersion = 13.3;
						TestTargetID = 525D85BE27E760A60066B147;
					};
					525D85D727E760A60066B147 = {
						CreatedOnToolsVersion = 13.3;
						TestTargetID = 525D85C427E760A60066B147;
					};
				};
			};
			buildConfigurationList = 525D85B327E760A40066B147 /* Build configuration list for PBXProject "Fragment" */;
			compatibilityVersion = "Xcode 13.0";
			developmentRegion = en;
			hasScannedForEncodings = 0;
			knownRegions = (
				en,
				Base,
			);
			mainGroup = 525D85AF27E760A40066B147;
			packageReferences = (
				525D860627E762B40066B147 /* XCRemoteSwiftPackageReference "octokit" */,
				522915A327E767880087530C /* XCRemoteSwiftPackageReference "DHSourcelessKeyValueStore" */,
				522915BC27E7857C0087530C /* XCRemoteSwiftPackageReference "Splash" */,
			);
			productRefGroup = 525D85C027E760A60066B147 /* Products */;
			projectDirPath = "";
			projectRoot = "";
			targets = (
				525D85BE27E760A60066B147 /* Fragment (iOS) */,
				525D85C427E760A60066B147 /* Fragment (macOS) */,
				525D85CB27E760A60066B147 /* Tests iOS */,
				525D85D727E760A60066B147 /* Tests macOS */,
			);
		};
/* End PBXProject section */

/* Begin PBXResourcesBuildPhase section */
		525D85BD27E760A60066B147 /* Resources */ = {
			isa = PBXResourcesBuildPhase;
			buildActionMask = 2147483647;
			files = (
				525D85E827E760A60066B147 /* Assets.xcassets in Resources */,
			);
			runOnlyForDeploymentPostprocessing = 0;
		};
		525D85C327E760A60066B147 /* Resources */ = {
			isa = PBXResourcesBuildPhase;
			buildActionMask = 2147483647;
			files = (
				525D85E927E760A60066B147 /* Assets.xcassets in Resources */,
			);
			runOnlyForDeploymentPostprocessing = 0;
		};
		525D85CA27E760A60066B147 /* Resources */ = {
			isa = PBXResourcesBuildPhase;
			buildActionMask = 2147483647;
			files = (
			);
			runOnlyForDeploymentPostprocessing = 0;
		};
		525D85D627E760A60066B147 /* Resources */ = {
			isa = PBXResourcesBuildPhase;
			buildActionMask = 2147483647;
			files = (
			);
			runOnlyForDeploymentPostprocessing = 0;
		};
/* End PBXResourcesBuildPhase section */

/* Begin PBXSourcesBuildPhase section */
		525D85BB27E760A60066B147 /* Sources */ = {
			isa = PBXSourcesBuildPhase;
			buildActionMask = 2147483647;
			files = (
				525D860527E762610066B147 /* SnippetsListView.swift in Sources */,
				525D85E227E760A60066B147 /* FragmentApp.swift in Sources */,
				522915B627E77D380087530C /* Encodable+JSON.swift in Sources */,
				522915BA27E785690087530C /* CodeView.swift in Sources */,
				525D860327E7621D0066B147 /* MainView.swift in Sources */,
				522915B227E778300087530C /* GistRow.swift in Sources */,
			);
			runOnlyForDeploymentPostprocessing = 0;
		};
		525D85C127E760A60066B147 /* Sources */ = {
			isa = PBXSourcesBuildPhase;
			buildActionMask = 2147483647;
			files = (
				525D860A27E763B80066B147 /* SnippetsListView.swift in Sources */,
				525D85E327E760A60066B147 /* FragmentApp.swift in Sources */,
				522915B727E77D380087530C /* Encodable+JSON.swift in Sources */,
				522915BB27E785690087530C /* CodeView.swift in Sources */,
				525D860927E763B50066B147 /* MainView.swift in Sources */,
				522915B327E778300087530C /* GistRow.swift in Sources */,
			);
			runOnlyForDeploymentPostprocessing = 0;
		};
		525D85C827E760A60066B147 /* Sources */ = {
			isa = PBXSourcesBuildPhase;
			buildActionMask = 2147483647;
			files = (
			);
			runOnlyForDeploymentPostprocessing = 0;
		};
		525D85D427E760A60066B147 /* Sources */ = {
			isa = PBXSourcesBuildPhase;
			buildActionMask = 2147483647;
			files = (
			);
			runOnlyForDeploymentPostprocessing = 0;
		};
/* End PBXSourcesBuildPhase section */

/* Begin PBXTargetDependency section */
		525D85CE27E760A60066B147 /* PBXTargetDependency */ = {
			isa = PBXTargetDependency;
			target = 525D85BE27E760A60066B147 /* Fragment (iOS) */;
			targetProxy = 525D85CD27E760A60066B147 /* PBXContainerItemProxy */;
		};
		525D85DA27E760A60066B147 /* PBXTargetDependency */ = {
			isa = PBXTargetDependency;
			target = 525D85C427E760A60066B147 /* Fragment (macOS) */;
			targetProxy = 525D85D927E760A60066B147 /* PBXContainerItemProxy */;
		};
/* End PBXTargetDependency section */

/* Begin XCBuildConfiguration section */
		525D85EA27E760A60066B147 /* Debug */ = {
			isa = XCBuildConfiguration;
			buildSettings = {
				ALWAYS_SEARCH_USER_PATHS = NO;
				CLANG_ANALYZER_NONNULL = YES;
				CLANG_ANALYZER_NUMBER_OBJECT_CONVERSION = YES_AGGRESSIVE;
				CLANG_CXX_LANGUAGE_STANDARD = "gnu++17";
				CLANG_ENABLE_MODULES = YES;
				CLANG_ENABLE_OBJC_ARC = YES;
				CLANG_ENABLE_OBJC_WEAK = YES;
				CLANG_WARN_BLOCK_CAPTURE_AUTORELEASING = YES;
				CLANG_WARN_BOOL_CONVERSION = YES;
				CLANG_WARN_COMMA = YES;
				CLANG_WARN_CONSTANT_CONVERSION = YES;
				CLANG_WARN_DEPRECATED_OBJC_IMPLEMENTATIONS = YES;
				CLANG_WARN_DIRECT_OBJC_ISA_USAGE = YES_ERROR;
				CLANG_WARN_DOCUMENTATION_COMMENTS = YES;
				CLANG_WARN_EMPTY_BODY = YES;
				CLANG_WARN_ENUM_CONVERSION = YES;
				CLANG_WARN_INFINITE_RECURSION = YES;
				CLANG_WARN_INT_CONVERSION = YES;
				CLANG_WARN_NON_LITERAL_NULL_CONVERSION = YES;
				CLANG_WARN_OBJC_IMPLICIT_RETAIN_SELF = YES;
				CLANG_WARN_OBJC_LITERAL_CONVERSION = YES;
				CLANG_WARN_OBJC_ROOT_CLASS = YES_ERROR;
				CLANG_WARN_QUOTED_INCLUDE_IN_FRAMEWORK_HEADER = YES;
				CLANG_WARN_RANGE_LOOP_ANALYSIS = YES;
				CLANG_WARN_STRICT_PROTOTYPES = YES;
				CLANG_WARN_SUSPICIOUS_MOVE = YES;
				CLANG_WARN_UNGUARDED_AVAILABILITY = YES_AGGRESSIVE;
				CLANG_WARN_UNREACHABLE_CODE = YES;
				CLANG_WARN__DUPLICATE_METHOD_MATCH = YES;
				COPY_PHASE_STRIP = NO;
				DEBUG_INFORMATION_FORMAT = dwarf;
				ENABLE_STRICT_OBJC_MSGSEND = YES;
				ENABLE_TESTABILITY = YES;
				GCC_C_LANGUAGE_STANDARD = gnu11;
				GCC_DYNAMIC_NO_PIC = NO;
				GCC_NO_COMMON_BLOCKS = YES;
				GCC_OPTIMIZATION_LEVEL = 0;
				GCC_PREPROCESSOR_DEFINITIONS = (
					"DEBUG=1",
					"$(inherited)",
				);
				GCC_WARN_64_TO_32_BIT_CONVERSION = YES;
				GCC_WARN_ABOUT_RETURN_TYPE = YES_ERROR;
				GCC_WARN_UNDECLARED_SELECTOR = YES;
				GCC_WARN_UNINITIALIZED_AUTOS = YES_AGGRESSIVE;
				GCC_WARN_UNUSED_FUNCTION = YES;
				GCC_WARN_UNUSED_VARIABLE = YES;
				MTL_ENABLE_DEBUG_INFO = INCLUDE_SOURCE;
				MTL_FAST_MATH = YES;
				ONLY_ACTIVE_ARCH = YES;
				SWIFT_ACTIVE_COMPILATION_CONDITIONS = DEBUG;
				SWIFT_OPTIMIZATION_LEVEL = "-Onone";
			};
			name = Debug;
		};
		525D85EB27E760A60066B147 /* Release */ = {
			isa = XCBuildConfiguration;
			buildSettings = {
				ALWAYS_SEARCH_USER_PATHS = NO;
				CLANG_ANALYZER_NONNULL = YES;
				CLANG_ANALYZER_NUMBER_OBJECT_CONVERSION = YES_AGGRESSIVE;
				CLANG_CXX_LANGUAGE_STANDARD = "gnu++17";
				CLANG_ENABLE_MODULES = YES;
				CLANG_ENABLE_OBJC_ARC = YES;
				CLANG_ENABLE_OBJC_WEAK = YES;
				CLANG_WARN_BLOCK_CAPTURE_AUTORELEASING = YES;
				CLANG_WARN_BOOL_CONVERSION = YES;
				CLANG_WARN_COMMA = YES;
				CLANG_WARN_CONSTANT_CONVERSION = YES;
				CLANG_WARN_DEPRECATED_OBJC_IMPLEMENTATIONS = YES;
				CLANG_WARN_DIRECT_OBJC_ISA_USAGE = YES_ERROR;
				CLANG_WARN_DOCUMENTATION_COMMENTS = YES;
				CLANG_WARN_EMPTY_BODY = YES;
				CLANG_WARN_ENUM_CONVERSION = YES;
				CLANG_WARN_INFINITE_RECURSION = YES;
				CLANG_WARN_INT_CONVERSION = YES;
				CLANG_WARN_NON_LITERAL_NULL_CONVERSION = YES;
				CLANG_WARN_OBJC_IMPLICIT_RETAIN_SELF = YES;
				CLANG_WARN_OBJC_LITERAL_CONVERSION = YES;
				CLANG_WARN_OBJC_ROOT_CLASS = YES_ERROR;
				CLANG_WARN_QUOTED_INCLUDE_IN_FRAMEWORK_HEADER = YES;
				CLANG_WARN_RANGE_LOOP_ANALYSIS = YES;
				CLANG_WARN_STRICT_PROTOTYPES = YES;
				CLANG_WARN_SUSPICIOUS_MOVE = YES;
				CLANG_WARN_UNGUARDED_AVAILABILITY = YES_AGGRESSIVE;
				CLANG_WARN_UNREACHABLE_CODE = YES;
				CLANG_WARN__DUPLICATE_METHOD_MATCH = YES;
				COPY_PHASE_STRIP = NO;
				DEBUG_INFORMATION_FORMAT = "dwarf-with-dsym";
				ENABLE_NS_ASSERTIONS = NO;
				ENABLE_STRICT_OBJC_MSGSEND = YES;
				GCC_C_LANGUAGE_STANDARD = gnu11;
				GCC_NO_COMMON_BLOCKS = YES;
				GCC_WARN_64_TO_32_BIT_CONVERSION = YES;
				GCC_WARN_ABOUT_RETURN_TYPE = YES_ERROR;
				GCC_WARN_UNDECLARED_SELECTOR = YES;
				GCC_WARN_UNINITIALIZED_AUTOS = YES_AGGRESSIVE;
				GCC_WARN_UNUSED_FUNCTION = YES;
				GCC_WARN_UNUSED_VARIABLE = YES;
				MTL_ENABLE_DEBUG_INFO = NO;
				MTL_FAST_MATH = YES;
				SWIFT_COMPILATION_MODE = wholemodule;
				SWIFT_OPTIMIZATION_LEVEL = "-O";
			};
			name = Release;
		};
		525D85ED27E760A60066B147 /* Debug */ = {
			isa = XCBuildConfiguration;
			buildSettings = {
				ASSETCATALOG_COMPILER_APPICON_NAME = AppIcon;
				ASSETCATALOG_COMPILER_GLOBAL_ACCENT_COLOR_NAME = AccentColor;
				CODE_SIGN_STYLE = Automatic;
				CURRENT_PROJECT_VERSION = 1;
				DEVELOPMENT_TEAM = WRJ8J85K4Q;
				ENABLE_PREVIEWS = YES;
				GENERATE_INFOPLIST_FILE = YES;
				INFOPLIST_FILE = "Fragment--iOS--Info.plist";
				INFOPLIST_KEY_UIApplicationSceneManifest_Generation = YES;
				INFOPLIST_KEY_UIApplicationSupportsIndirectInputEvents = YES;
				INFOPLIST_KEY_UILaunchScreen_Generation = YES;
				INFOPLIST_KEY_UISupportedInterfaceOrientations_iPad = "UIInterfaceOrientationPortrait UIInterfaceOrientationPortraitUpsideDown UIInterfaceOrientationLandscapeLeft UIInterfaceOrientationLandscapeRight";
				INFOPLIST_KEY_UISupportedInterfaceOrientations_iPhone = "UIInterfaceOrientationPortrait UIInterfaceOrientationLandscapeLeft UIInterfaceOrientationLandscapeRight";
				IPHONEOS_DEPLOYMENT_TARGET = 15.4;
				LD_RUNPATH_SEARCH_PATHS = (
					"$(inherited)",
					"@executable_path/Frameworks",
				);
				MARKETING_VERSION = 1.0;
				PRODUCT_BUNDLE_IDENTIFIER = com.codedbydan.FragmentSnippetManager;
				PRODUCT_NAME = Fragment;
				SDKROOT = iphoneos;
				SWIFT_EMIT_LOC_STRINGS = YES;
				SWIFT_VERSION = 5.0;
				TARGETED_DEVICE_FAMILY = "1,2";
			};
			name = Debug;
		};
		525D85EE27E760A60066B147 /* Release */ = {
			isa = XCBuildConfiguration;
			buildSettings = {
				ASSETCATALOG_COMPILER_APPICON_NAME = AppIcon;
				ASSETCATALOG_COMPILER_GLOBAL_ACCENT_COLOR_NAME = AccentColor;
				CODE_SIGN_STYLE = Automatic;
				CURRENT_PROJECT_VERSION = 1;
				DEVELOPMENT_TEAM = WRJ8J85K4Q;
				ENABLE_PREVIEWS = YES;
				GENERATE_INFOPLIST_FILE = YES;
				INFOPLIST_FILE = "Fragment--iOS--Info.plist";
				INFOPLIST_KEY_UIApplicationSceneManifest_Generation = YES;
				INFOPLIST_KEY_UIApplicationSupportsIndirectInputEvents = YES;
				INFOPLIST_KEY_UILaunchScreen_Generation = YES;
				INFOPLIST_KEY_UISupportedInterfaceOrientations_iPad = "UIInterfaceOrientationPortrait UIInterfaceOrientationPortraitUpsideDown UIInterfaceOrientationLandscapeLeft UIInterfaceOrientationLandscapeRight";
				INFOPLIST_KEY_UISupportedInterfaceOrientations_iPhone = "UIInterfaceOrientationPortrait UIInterfaceOrientationLandscapeLeft UIInterfaceOrientationLandscapeRight";
				IPHONEOS_DEPLOYMENT_TARGET = 15.4;
				LD_RUNPATH_SEARCH_PATHS = (
					"$(inherited)",
					"@executable_path/Frameworks",
				);
				MARKETING_VERSION = 1.0;
				PRODUCT_BUNDLE_IDENTIFIER = com.codedbydan.FragmentSnippetManager;
				PRODUCT_NAME = Fragment;
				SDKROOT = iphoneos;
				SWIFT_EMIT_LOC_STRINGS = YES;
				SWIFT_VERSION = 5.0;
				TARGETED_DEVICE_FAMILY = "1,2";
				VALIDATE_PRODUCT = YES;
			};
			name = Release;
		};
		525D85F027E760A60066B147 /* Debug */ = {
			isa = XCBuildConfiguration;
			buildSettings = {
				ASSETCATALOG_COMPILER_APPICON_NAME = "AppIcon-macOS";
				ASSETCATALOG_COMPILER_GLOBAL_ACCENT_COLOR_NAME = AccentColor;
				CODE_SIGN_ENTITLEMENTS = macOS/macOS.entitlements;
				CODE_SIGN_STYLE = Automatic;
				COMBINE_HIDPI_IMAGES = YES;
				CURRENT_PROJECT_VERSION = 1;
				DEVELOPMENT_TEAM = WRJ8J85K4Q;
				ENABLE_HARDENED_RUNTIME = YES;
				ENABLE_PREVIEWS = YES;
				GENERATE_INFOPLIST_FILE = YES;
				INFOPLIST_FILE = "Fragment--macOS--Info.plist";
				INFOPLIST_KEY_LSApplicationCategoryType = "public.app-category.developer-tools";
				INFOPLIST_KEY_NSHumanReadableCopyright = "";
				LD_RUNPATH_SEARCH_PATHS = (
					"$(inherited)",
					"@executable_path/../Frameworks",
				);
				MACOSX_DEPLOYMENT_TARGET = 12.3;
				MARKETING_VERSION = 1.0;
				PRODUCT_BUNDLE_IDENTIFIER = com.codedbydan.FragmentSnippetManager;
				PRODUCT_NAME = Fragment;
				SDKROOT = macosx;
				SWIFT_EMIT_LOC_STRINGS = YES;
				SWIFT_VERSION = 5.0;
			};
			name = Debug;
		};
		525D85F127E760A60066B147 /* Release */ = {
			isa = XCBuildConfiguration;
			buildSettings = {
				ASSETCATALOG_COMPILER_APPICON_NAME = "AppIcon-macOS";
				ASSETCATALOG_COMPILER_GLOBAL_ACCENT_COLOR_NAME = AccentColor;
				CODE_SIGN_ENTITLEMENTS = macOS/macOS.entitlements;
				CODE_SIGN_STYLE = Automatic;
				COMBINE_HIDPI_IMAGES = YES;
				CURRENT_PROJECT_VERSION = 1;
				DEVELOPMENT_TEAM = WRJ8J85K4Q;
				ENABLE_HARDENED_RUNTIME = YES;
				ENABLE_PREVIEWS = YES;
				GENERATE_INFOPLIST_FILE = YES;
				INFOPLIST_FILE = "Fragment--macOS--Info.plist";
				INFOPLIST_KEY_LSApplicationCategoryType = "public.app-category.developer-tools";
				INFOPLIST_KEY_NSHumanReadableCopyright = "";
				LD_RUNPATH_SEARCH_PATHS = (
					"$(inherited)",
					"@executable_path/../Frameworks",
				);
				MACOSX_DEPLOYMENT_TARGET = 12.3;
				MARKETING_VERSION = 1.0;
				PRODUCT_BUNDLE_IDENTIFIER = com.codedbydan.FragmentSnippetManager;
				PRODUCT_NAME = Fragment;
				SDKROOT = macosx;
				SWIFT_EMIT_LOC_STRINGS = YES;
				SWIFT_VERSION = 5.0;
			};
			name = Release;
		};
		525D85F327E760A60066B147 /* Debug */ = {
			isa = XCBuildConfiguration;
			buildSettings = {
				ALWAYS_EMBED_SWIFT_STANDARD_LIBRARIES = YES;
				CODE_SIGN_STYLE = Automatic;
				CURRENT_PROJECT_VERSION = 1;
				DEVELOPMENT_TEAM = WRJ8J85K4Q;
				GENERATE_INFOPLIST_FILE = YES;
				IPHONEOS_DEPLOYMENT_TARGET = 15.4;
				MARKETING_VERSION = 1.0;
				PRODUCT_BUNDLE_IDENTIFIER = "com.codedbydan.Tests-iOS";
				PRODUCT_NAME = "$(TARGET_NAME)";
				SDKROOT = iphoneos;
				SWIFT_EMIT_LOC_STRINGS = NO;
				SWIFT_VERSION = 5.0;
				TARGETED_DEVICE_FAMILY = "1,2";
				TEST_TARGET_NAME = "Fragment (iOS)";
			};
			name = Debug;
		};
		525D85F427E760A60066B147 /* Release */ = {
			isa = XCBuildConfiguration;
			buildSettings = {
				ALWAYS_EMBED_SWIFT_STANDARD_LIBRARIES = YES;
				CODE_SIGN_STYLE = Automatic;
				CURRENT_PROJECT_VERSION = 1;
				DEVELOPMENT_TEAM = WRJ8J85K4Q;
				GENERATE_INFOPLIST_FILE = YES;
				IPHONEOS_DEPLOYMENT_TARGET = 15.4;
				MARKETING_VERSION = 1.0;
				PRODUCT_BUNDLE_IDENTIFIER = "com.codedbydan.Tests-iOS";
				PRODUCT_NAME = "$(TARGET_NAME)";
				SDKROOT = iphoneos;
				SWIFT_EMIT_LOC_STRINGS = NO;
				SWIFT_VERSION = 5.0;
				TARGETED_DEVICE_FAMILY = "1,2";
				TEST_TARGET_NAME = "Fragment (iOS)";
				VALIDATE_PRODUCT = YES;
			};
			name = Release;
		};
		525D85F627E760A60066B147 /* Debug */ = {
			isa = XCBuildConfiguration;
			buildSettings = {
				ALWAYS_EMBED_SWIFT_STANDARD_LIBRARIES = YES;
				CODE_SIGN_STYLE = Automatic;
				CURRENT_PROJECT_VERSION = 1;
				DEVELOPMENT_TEAM = WRJ8J85K4Q;
				GENERATE_INFOPLIST_FILE = YES;
				MACOSX_DEPLOYMENT_TARGET = 12.3;
				MARKETING_VERSION = 1.0;
				PRODUCT_BUNDLE_IDENTIFIER = "com.codedbydan.Tests-macOS";
				PRODUCT_NAME = "$(TARGET_NAME)";
				SDKROOT = macosx;
				SWIFT_EMIT_LOC_STRINGS = NO;
				SWIFT_VERSION = 5.0;
				TEST_TARGET_NAME = "Fragment (macOS)";
			};
			name = Debug;
		};
		525D85F727E760A60066B147 /* Release */ = {
			isa = XCBuildConfiguration;
			buildSettings = {
				ALWAYS_EMBED_SWIFT_STANDARD_LIBRARIES = YES;
				CODE_SIGN_STYLE = Automatic;
				CURRENT_PROJECT_VERSION = 1;
				DEVELOPMENT_TEAM = WRJ8J85K4Q;
				GENERATE_INFOPLIST_FILE = YES;
				MACOSX_DEPLOYMENT_TARGET = 12.3;
				MARKETING_VERSION = 1.0;
				PRODUCT_BUNDLE_IDENTIFIER = "com.codedbydan.Tests-macOS";
				PRODUCT_NAME = "$(TARGET_NAME)";
				SDKROOT = macosx;
				SWIFT_EMIT_LOC_STRINGS = NO;
				SWIFT_VERSION = 5.0;
				TEST_TARGET_NAME = "Fragment (macOS)";
			};
			name = Release;
		};
/* End XCBuildConfiguration section */

/* Begin XCConfigurationList section */
		525D85B327E760A40066B147 /* Build configuration list for PBXProject "Fragment" */ = {
			isa = XCConfigurationList;
			buildConfigurations = (
				525D85EA27E760A60066B147 /* Debug */,
				525D85EB27E760A60066B147 /* Release */,
			);
			defaultConfigurationIsVisible = 0;
			defaultConfigurationName = Release;
		};
		525D85EC27E760A60066B147 /* Build configuration list for PBXNativeTarget "Fragment (iOS)" */ = {
			isa = XCConfigurationList;
			buildConfigurations = (
				525D85ED27E760A60066B147 /* Debug */,
				525D85EE27E760A60066B147 /* Release */,
			);
			defaultConfigurationIsVisible = 0;
			defaultConfigurationName = Release;
		};
		525D85EF27E760A60066B147 /* Build configuration list for PBXNativeTarget "Fragment (macOS)" */ = {
			isa = XCConfigurationList;
			buildConfigurations = (
				525D85F027E760A60066B147 /* Debug */,
				525D85F127E760A60066B147 /* Release */,
			);
			defaultConfigurationIsVisible = 0;
			defaultConfigurationName = Release;
		};
		525D85F227E760A60066B147 /* Build configuration list for PBXNativeTarget "Tests iOS" */ = {
			isa = XCConfigurationList;
			buildConfigurations = (
				525D85F327E760A60066B147 /* Debug */,
				525D85F427E760A60066B147 /* Release */,
			);
			defaultConfigurationIsVisible = 0;
			defaultConfigurationName = Release;
		};
		525D85F527E760A60066B147 /* Build configuration list for PBXNativeTarget "Tests macOS" */ = {
			isa = XCConfigurationList;
			buildConfigurations = (
				525D85F627E760A60066B147 /* Debug */,
				525D85F727E760A60066B147 /* Release */,
			);
			defaultConfigurationIsVisible = 0;
			defaultConfigurationName = Release;
		};
/* End XCConfigurationList section */

/* Begin XCRemoteSwiftPackageReference section */
		522915A327E767880087530C /* XCRemoteSwiftPackageReference "DHSourcelessKeyValueStore" */ = {
			isa = XCRemoteSwiftPackageReference;
			repositoryURL = "https://github.com/dan-hart/DHSourcelessKeyValueStore";
			requirement = {
				branch = main;
				kind = branch;
			};
		};
		522915BC27E7857C0087530C /* XCRemoteSwiftPackageReference "Splash" */ = {
			isa = XCRemoteSwiftPackageReference;
			repositoryURL = "https://github.com/JohnSundell/Splash";
			requirement = {
				branch = master;
				kind = branch;
			};
		};
		525D860627E762B40066B147 /* XCRemoteSwiftPackageReference "octokit" */ = {
			isa = XCRemoteSwiftPackageReference;
			repositoryURL = "https://github.com/nerdishbynature/octokit.swift";
			requirement = {
				kind = upToNextMajorVersion;
				minimumVersion = 0.9.0;
			};
		};
/* End XCRemoteSwiftPackageReference section */

/* Begin XCSwiftPackageProductDependency section */
		522915A427E767880087530C /* DHSourcelessKeyValueStore */ = {
			isa = XCSwiftPackageProductDependency;
			package = 522915A327E767880087530C /* XCRemoteSwiftPackageReference "DHSourcelessKeyValueStore" */;
			productName = DHSourcelessKeyValueStore;
		};
		522915BD27E7857C0087530C /* Splash */ = {
			isa = XCSwiftPackageProductDependency;
			package = 522915BC27E7857C0087530C /* XCRemoteSwiftPackageReference "Splash" */;
			productName = Splash;
		};
		522915BF27E789E20087530C /* OctoKit */ = {
			isa = XCSwiftPackageProductDependency;
			package = 525D860627E762B40066B147 /* XCRemoteSwiftPackageReference "octokit" */;
			productName = OctoKit;
		};
		522915C127E789E20087530C /* DHSourcelessKeyValueStore */ = {
			isa = XCSwiftPackageProductDependency;
			package = 522915A327E767880087530C /* XCRemoteSwiftPackageReference "DHSourcelessKeyValueStore" */;
			productName = DHSourcelessKeyValueStore;
		};
		522915C327E789E20087530C /* Splash */ = {
			isa = XCSwiftPackageProductDependency;
			package = 522915BC27E7857C0087530C /* XCRemoteSwiftPackageReference "Splash" */;
			productName = Splash;
		};
		525D860727E762B40066B147 /* OctoKit */ = {
			isa = XCSwiftPackageProductDependency;
			package = 525D860627E762B40066B147 /* XCRemoteSwiftPackageReference "octokit" */;
			productName = OctoKit;
		};
/* End XCSwiftPackageProductDependency section */
	};
	rootObject = 525D85B027E760A40066B147 /* Project object */;
}
